// !$*UTF8*$!
{
	archiveVersion = 1;
	classes = {
	};
	objectVersion = 46;
	objects = {

/* Begin PBXBuildFile section */
		A1758CFE1885DDA600490A06 /* Shape.m in Sources */ = {isa = PBXBuildFile; fileRef = A1758CFD1885DDA600490A06 /* Shape.m */; };
		A1758D011885DDB700490A06 /* UIBezierPath+TextPaths.m in Sources */ = {isa = PBXBuildFile; fileRef = A1758D001885DDB700490A06 /* UIBezierPath+TextPaths.m */; };
		A1758D031885F13300490A06 /* Settings.bundle in Resources */ = {isa = PBXBuildFile; fileRef = A1758D021885F13300490A06 /* Settings.bundle */; };
		A1758D0E1886FBFF00490A06 /* IMG_0001.PNG in Resources */ = {isa = PBXBuildFile; fileRef = A1758D0D1886FBFF00490A06 /* IMG_0001.PNG */; };
		A1758D1718872E4F00490A06 /* PopoverView.m in Sources */ = {isa = PBXBuildFile; fileRef = A1758D1618872E4F00490A06 /* PopoverView.m */; };
		A1758D2B1887330C00490A06 /* ELCAlbumPickerController.m in Sources */ = {isa = PBXBuildFile; fileRef = A1758D1A1887330C00490A06 /* ELCAlbumPickerController.m */; };
		A1758D2C1887330C00490A06 /* ELCAsset.m in Sources */ = {isa = PBXBuildFile; fileRef = A1758D1C1887330C00490A06 /* ELCAsset.m */; };
		A1758D2D1887330C00490A06 /* ELCAssetCell.m in Sources */ = {isa = PBXBuildFile; fileRef = A1758D1E1887330C00490A06 /* ELCAssetCell.m */; };
		A1758D2E1887330C00490A06 /* ELCAssetTablePicker.m in Sources */ = {isa = PBXBuildFile; fileRef = A1758D221887330C00490A06 /* ELCAssetTablePicker.m */; };
		A1758D2F1887330C00490A06 /* ELCImagePickerController.m in Sources */ = {isa = PBXBuildFile; fileRef = A1758D241887330C00490A06 /* ELCImagePickerController.m */; };
		A1758D331887330C00490A06 /* Overlay.png in Resources */ = {isa = PBXBuildFile; fileRef = A1758D291887330C00490A06 /* Overlay.png */; };
		A1758D341887330C00490A06 /* Overlay@2x.png in Resources */ = {isa = PBXBuildFile; fileRef = A1758D2A1887330C00490A06 /* Overlay@2x.png */; };
		A1758D3C188739CB00490A06 /* PSPDFActionSheet.m in Sources */ = {isa = PBXBuildFile; fileRef = A1758D37188739CB00490A06 /* PSPDFActionSheet.m */; };
		A1758D3D188739CB00490A06 /* PSPDFAlertView.m in Sources */ = {isa = PBXBuildFile; fileRef = A1758D39188739CB00490A06 /* PSPDFAlertView.m */; };
		A1758D3E188739CB00490A06 /* UIColor+PSPDFKitAdditions.m in Sources */ = {isa = PBXBuildFile; fileRef = A1758D3B188739CB00490A06 /* UIColor+PSPDFKitAdditions.m */; };
		A1D2B2E118809C9E00E250BF /* LinkImageViewController.m in Sources */ = {isa = PBXBuildFile; fileRef = A1D2B2E018809C9E00E250BF /* LinkImageViewController.m */; };
		A1D2B2E81880A47E00E250BF /* ImageDetails.m in Sources */ = {isa = PBXBuildFile; fileRef = A1D2B2E51880A47E00E250BF /* ImageDetails.m */; };
		A1D2B2E91880A47E00E250BF /* Project.m in Sources */ = {isa = PBXBuildFile; fileRef = A1D2B2E71880A47E00E250BF /* Project.m */; };
		A1D2B2EF1880A4A500E250BF /* HotspotView.m in Sources */ = {isa = PBXBuildFile; fileRef = A1D2B2EE1880A4A500E250BF /* HotspotView.m */; };
		A1D2B2F21880A4FA00E250BF /* ImageLink.m in Sources */ = {isa = PBXBuildFile; fileRef = A1D2B2F11880A4FA00E250BF /* ImageLink.m */; };
		A1D2B2F51881777B00E250BF /* ImageEditView.m in Sources */ = {isa = PBXBuildFile; fileRef = A1D2B2F41881777B00E250BF /* ImageEditView.m */; };
		A1D2B2F818820E8F00E250BF /* PlaybackViewController.m in Sources */ = {isa = PBXBuildFile; fileRef = A1D2B2F718820E8F00E250BF /* PlaybackViewController.m */; };
		A1D2B30418832EC200E250BF /* MainViewController.m in Sources */ = {isa = PBXBuildFile; fileRef = A1D2B30318832EC200E250BF /* MainViewController.m */; };
		A1D2B3071883F10800E250BF /* DrawViewController.m in Sources */ = {isa = PBXBuildFile; fileRef = A1D2B3061883F10800E250BF /* DrawViewController.m */; };
		A1D2B30A1883F11900E250BF /* DrawView.m in Sources */ = {isa = PBXBuildFile; fileRef = A1D2B3091883F11900E250BF /* DrawView.m */; };
		A1D75861187FDEFD00E7AA2F /* Foundation.framework in Frameworks */ = {isa = PBXBuildFile; fileRef = A1D75860187FDEFD00E7AA2F /* Foundation.framework */; };
		A1D75863187FDEFD00E7AA2F /* CoreGraphics.framework in Frameworks */ = {isa = PBXBuildFile; fileRef = A1D75862187FDEFD00E7AA2F /* CoreGraphics.framework */; };
		A1D75865187FDEFD00E7AA2F /* UIKit.framework in Frameworks */ = {isa = PBXBuildFile; fileRef = A1D75864187FDEFD00E7AA2F /* UIKit.framework */; };
		A1D7586B187FDEFD00E7AA2F /* InfoPlist.strings in Resources */ = {isa = PBXBuildFile; fileRef = A1D75869187FDEFD00E7AA2F /* InfoPlist.strings */; };
		A1D7586D187FDEFD00E7AA2F /* main.m in Sources */ = {isa = PBXBuildFile; fileRef = A1D7586C187FDEFD00E7AA2F /* main.m */; };
		A1D75871187FDEFD00E7AA2F /* AppDelegate.m in Sources */ = {isa = PBXBuildFile; fileRef = A1D75870187FDEFD00E7AA2F /* AppDelegate.m */; };
		A1D75874187FDEFD00E7AA2F /* Main_iPhone.storyboard in Resources */ = {isa = PBXBuildFile; fileRef = A1D75872187FDEFD00E7AA2F /* Main_iPhone.storyboard */; };
		A1D75877187FDEFD00E7AA2F /* Main_iPad.storyboard in Resources */ = {isa = PBXBuildFile; fileRef = A1D75875187FDEFD00E7AA2F /* Main_iPad.storyboard */; };
		A1D7587A187FDEFD00E7AA2F /* ProjectViewController.m in Sources */ = {isa = PBXBuildFile; fileRef = A1D75879187FDEFD00E7AA2F /* ProjectViewController.m */; };
		A1D7587C187FDEFD00E7AA2F /* Images.xcassets in Resources */ = {isa = PBXBuildFile; fileRef = A1D7587B187FDEFD00E7AA2F /* Images.xcassets */; };
		A1D75883187FDEFD00E7AA2F /* XCTest.framework in Frameworks */ = {isa = PBXBuildFile; fileRef = A1D75882187FDEFD00E7AA2F /* XCTest.framework */; };
		A1D75884187FDEFD00E7AA2F /* Foundation.framework in Frameworks */ = {isa = PBXBuildFile; fileRef = A1D75860187FDEFD00E7AA2F /* Foundation.framework */; };
		A1D75885187FDEFD00E7AA2F /* UIKit.framework in Frameworks */ = {isa = PBXBuildFile; fileRef = A1D75864187FDEFD00E7AA2F /* UIKit.framework */; };
		A1D7588D187FDEFD00E7AA2F /* InfoPlist.strings in Resources */ = {isa = PBXBuildFile; fileRef = A1D7588B187FDEFD00E7AA2F /* InfoPlist.strings */; };
		A1D7588F187FDEFD00E7AA2F /* PrototyperTests.m in Sources */ = {isa = PBXBuildFile; fileRef = A1D7588E187FDEFD00E7AA2F /* PrototyperTests.m */; };
		A1D758A0187FDF3C00E7AA2F /* ImageEditViewController.m in Sources */ = {isa = PBXBuildFile; fileRef = A1D75899187FDF3C00E7AA2F /* ImageEditViewController.m */; };
		A1D758A1187FDF3C00E7AA2F /* PhotoCell.m in Sources */ = {isa = PBXBuildFile; fileRef = A1D7589B187FDF3C00E7AA2F /* PhotoCell.m */; };
		A1F1437C18848852006829F2 /* UIColor+Utils.m in Sources */ = {isa = PBXBuildFile; fileRef = A1F1437B18848852006829F2 /* UIColor+Utils.m */; };
/* End PBXBuildFile section */

/* Begin PBXContainerItemProxy section */
		A1D75886187FDEFD00E7AA2F /* PBXContainerItemProxy */ = {
			isa = PBXContainerItemProxy;
			containerPortal = A1D75855187FDEFD00E7AA2F /* Project object */;
			proxyType = 1;
			remoteGlobalIDString = A1D7585C187FDEFD00E7AA2F;
			remoteInfo = Prototyper;
		};
/* End PBXContainerItemProxy section */

/* Begin PBXFileReference section */
		A1758CFC1885DDA600490A06 /* Shape.h */ = {isa = PBXFileReference; fileEncoding = 4; lastKnownFileType = sourcecode.c.h; path = Shape.h; sourceTree = "<group>"; };
		A1758CFD1885DDA600490A06 /* Shape.m */ = {isa = PBXFileReference; fileEncoding = 4; lastKnownFileType = sourcecode.c.objc; path = Shape.m; sourceTree = "<group>"; };
		A1758CFF1885DDB700490A06 /* UIBezierPath+TextPaths.h */ = {isa = PBXFileReference; fileEncoding = 4; lastKnownFileType = sourcecode.c.h; path = "UIBezierPath+TextPaths.h"; sourceTree = "<group>"; };
		A1758D001885DDB700490A06 /* UIBezierPath+TextPaths.m */ = {isa = PBXFileReference; fileEncoding = 4; lastKnownFileType = sourcecode.c.objc; path = "UIBezierPath+TextPaths.m"; sourceTree = "<group>"; };
		A1758D021885F13300490A06 /* Settings.bundle */ = {isa = PBXFileReference; lastKnownFileType = "wrapper.plug-in"; path = Settings.bundle; sourceTree = SOURCE_ROOT; };
		A1758D0D1886FBFF00490A06 /* IMG_0001.PNG */ = {isa = PBXFileReference; lastKnownFileType = image.png; path = IMG_0001.PNG; sourceTree = "<group>"; };
		A1758D1518872E4F00490A06 /* PopoverView.h */ = {isa = PBXFileReference; fileEncoding = 4; lastKnownFileType = sourcecode.c.h; path = PopoverView.h; sourceTree = "<group>"; };
		A1758D1618872E4F00490A06 /* PopoverView.m */ = {isa = PBXFileReference; fileEncoding = 4; lastKnownFileType = sourcecode.c.objc; path = PopoverView.m; sourceTree = "<group>"; };
		A1758D191887330C00490A06 /* ELCAlbumPickerController.h */ = {isa = PBXFileReference; fileEncoding = 4; lastKnownFileType = sourcecode.c.h; path = ELCAlbumPickerController.h; sourceTree = "<group>"; };
		A1758D1A1887330C00490A06 /* ELCAlbumPickerController.m */ = {isa = PBXFileReference; fileEncoding = 4; lastKnownFileType = sourcecode.c.objc; path = ELCAlbumPickerController.m; sourceTree = "<group>"; };
		A1758D1B1887330C00490A06 /* ELCAsset.h */ = {isa = PBXFileReference; fileEncoding = 4; lastKnownFileType = sourcecode.c.h; path = ELCAsset.h; sourceTree = "<group>"; };
		A1758D1C1887330C00490A06 /* ELCAsset.m */ = {isa = PBXFileReference; fileEncoding = 4; lastKnownFileType = sourcecode.c.objc; path = ELCAsset.m; sourceTree = "<group>"; };
		A1758D1D1887330C00490A06 /* ELCAssetCell.h */ = {isa = PBXFileReference; fileEncoding = 4; lastKnownFileType = sourcecode.c.h; path = ELCAssetCell.h; sourceTree = "<group>"; };
		A1758D1E1887330C00490A06 /* ELCAssetCell.m */ = {isa = PBXFileReference; fileEncoding = 4; lastKnownFileType = sourcecode.c.objc; path = ELCAssetCell.m; sourceTree = "<group>"; };
		A1758D1F1887330C00490A06 /* ELCAssetPickerFilterDelegate.h */ = {isa = PBXFileReference; fileEncoding = 4; lastKnownFileType = sourcecode.c.h; path = ELCAssetPickerFilterDelegate.h; sourceTree = "<group>"; };
		A1758D201887330C00490A06 /* ELCAssetSelectionDelegate.h */ = {isa = PBXFileReference; fileEncoding = 4; lastKnownFileType = sourcecode.c.h; path = ELCAssetSelectionDelegate.h; sourceTree = "<group>"; };
		A1758D211887330C00490A06 /* ELCAssetTablePicker.h */ = {isa = PBXFileReference; fileEncoding = 4; lastKnownFileType = sourcecode.c.h; path = ELCAssetTablePicker.h; sourceTree = "<group>"; };
		A1758D221887330C00490A06 /* ELCAssetTablePicker.m */ = {isa = PBXFileReference; fileEncoding = 4; lastKnownFileType = sourcecode.c.objc; path = ELCAssetTablePicker.m; sourceTree = "<group>"; };
		A1758D231887330C00490A06 /* ELCImagePickerController.h */ = {isa = PBXFileReference; fileEncoding = 4; lastKnownFileType = sourcecode.c.h; path = ELCImagePickerController.h; sourceTree = "<group>"; };
		A1758D241887330C00490A06 /* ELCImagePickerController.m */ = {isa = PBXFileReference; fileEncoding = 4; lastKnownFileType = sourcecode.c.objc; path = ELCImagePickerController.m; sourceTree = "<group>"; };
		A1758D291887330C00490A06 /* Overlay.png */ = {isa = PBXFileReference; lastKnownFileType = image.png; path = Overlay.png; sourceTree = "<group>"; };
		A1758D2A1887330C00490A06 /* Overlay@2x.png */ = {isa = PBXFileReference; lastKnownFileType = image.png; path = "Overlay@2x.png"; sourceTree = "<group>"; };
		A1758D36188739CB00490A06 /* PSPDFActionSheet.h */ = {isa = PBXFileReference; fileEncoding = 4; lastKnownFileType = sourcecode.c.h; path = PSPDFActionSheet.h; sourceTree = "<group>"; };
		A1758D37188739CB00490A06 /* PSPDFActionSheet.m */ = {isa = PBXFileReference; fileEncoding = 4; lastKnownFileType = sourcecode.c.objc; path = PSPDFActionSheet.m; sourceTree = "<group>"; };
		A1758D38188739CB00490A06 /* PSPDFAlertView.h */ = {isa = PBXFileReference; fileEncoding = 4; lastKnownFileType = sourcecode.c.h; path = PSPDFAlertView.h; sourceTree = "<group>"; };
		A1758D39188739CB00490A06 /* PSPDFAlertView.m */ = {isa = PBXFileReference; fileEncoding = 4; lastKnownFileType = sourcecode.c.objc; path = PSPDFAlertView.m; sourceTree = "<group>"; };
		A1758D3A188739CB00490A06 /* UIColor+PSPDFKitAdditions.h */ = {isa = PBXFileReference; fileEncoding = 4; lastKnownFileType = sourcecode.c.h; path = "UIColor+PSPDFKitAdditions.h"; sourceTree = "<group>"; };
		A1758D3B188739CB00490A06 /* UIColor+PSPDFKitAdditions.m */ = {isa = PBXFileReference; fileEncoding = 4; lastKnownFileType = sourcecode.c.objc; path = "UIColor+PSPDFKitAdditions.m"; sourceTree = "<group>"; };
		A1D2B2DF18809C9E00E250BF /* LinkImageViewController.h */ = {isa = PBXFileReference; fileEncoding = 4; lastKnownFileType = sourcecode.c.h; path = LinkImageViewController.h; sourceTree = "<group>"; };
		A1D2B2E018809C9E00E250BF /* LinkImageViewController.m */ = {isa = PBXFileReference; fileEncoding = 4; lastKnownFileType = sourcecode.c.objc; path = LinkImageViewController.m; sourceTree = "<group>"; };
		A1D2B2E41880A47E00E250BF /* ImageDetails.h */ = {isa = PBXFileReference; fileEncoding = 4; lastKnownFileType = sourcecode.c.h; path = ImageDetails.h; sourceTree = "<group>"; };
		A1D2B2E51880A47E00E250BF /* ImageDetails.m */ = {isa = PBXFileReference; fileEncoding = 4; lastKnownFileType = sourcecode.c.objc; path = ImageDetails.m; sourceTree = "<group>"; };
		A1D2B2E61880A47E00E250BF /* Project.h */ = {isa = PBXFileReference; fileEncoding = 4; lastKnownFileType = sourcecode.c.h; path = Project.h; sourceTree = "<group>"; };
		A1D2B2E71880A47E00E250BF /* Project.m */ = {isa = PBXFileReference; fileEncoding = 4; lastKnownFileType = sourcecode.c.objc; path = Project.m; sourceTree = "<group>"; };
		A1D2B2ED1880A4A500E250BF /* HotspotView.h */ = {isa = PBXFileReference; fileEncoding = 4; lastKnownFileType = sourcecode.c.h; path = HotspotView.h; sourceTree = "<group>"; };
		A1D2B2EE1880A4A500E250BF /* HotspotView.m */ = {isa = PBXFileReference; fileEncoding = 4; lastKnownFileType = sourcecode.c.objc; path = HotspotView.m; sourceTree = "<group>"; };
		A1D2B2F01880A4FA00E250BF /* ImageLink.h */ = {isa = PBXFileReference; fileEncoding = 4; lastKnownFileType = sourcecode.c.h; path = ImageLink.h; sourceTree = "<group>"; };
		A1D2B2F11880A4FA00E250BF /* ImageLink.m */ = {isa = PBXFileReference; fileEncoding = 4; lastKnownFileType = sourcecode.c.objc; path = ImageLink.m; sourceTree = "<group>"; };
		A1D2B2F31881777B00E250BF /* ImageEditView.h */ = {isa = PBXFileReference; fileEncoding = 4; lastKnownFileType = sourcecode.c.h; path = ImageEditView.h; sourceTree = "<group>"; };
		A1D2B2F41881777B00E250BF /* ImageEditView.m */ = {isa = PBXFileReference; fileEncoding = 4; lastKnownFileType = sourcecode.c.objc; path = ImageEditView.m; sourceTree = "<group>"; };
		A1D2B2F618820E8F00E250BF /* PlaybackViewController.h */ = {isa = PBXFileReference; fileEncoding = 4; lastKnownFileType = sourcecode.c.h; path = PlaybackViewController.h; sourceTree = "<group>"; };
		A1D2B2F718820E8F00E250BF /* PlaybackViewController.m */ = {isa = PBXFileReference; fileEncoding = 4; lastKnownFileType = sourcecode.c.objc; path = PlaybackViewController.m; sourceTree = "<group>"; };
		A1D2B30218832EC200E250BF /* MainViewController.h */ = {isa = PBXFileReference; fileEncoding = 4; lastKnownFileType = sourcecode.c.h; path = MainViewController.h; sourceTree = "<group>"; };
		A1D2B30318832EC200E250BF /* MainViewController.m */ = {isa = PBXFileReference; fileEncoding = 4; lastKnownFileType = sourcecode.c.objc; path = MainViewController.m; sourceTree = "<group>"; };
		A1D2B3051883F10800E250BF /* DrawViewController.h */ = {isa = PBXFileReference; fileEncoding = 4; lastKnownFileType = sourcecode.c.h; path = DrawViewController.h; sourceTree = "<group>"; };
		A1D2B3061883F10800E250BF /* DrawViewController.m */ = {isa = PBXFileReference; fileEncoding = 4; lastKnownFileType = sourcecode.c.objc; path = DrawViewController.m; sourceTree = "<group>"; };
		A1D2B3081883F11900E250BF /* DrawView.h */ = {isa = PBXFileReference; fileEncoding = 4; lastKnownFileType = sourcecode.c.h; path = DrawView.h; sourceTree = "<group>"; };
		A1D2B3091883F11900E250BF /* DrawView.m */ = {isa = PBXFileReference; fileEncoding = 4; lastKnownFileType = sourcecode.c.objc; path = DrawView.m; sourceTree = "<group>"; };
		A1D7585D187FDEFD00E7AA2F /* Prototyper.app */ = {isa = PBXFileReference; explicitFileType = wrapper.application; includeInIndex = 0; path = Prototyper.app; sourceTree = BUILT_PRODUCTS_DIR; };
		A1D75860187FDEFD00E7AA2F /* Foundation.framework */ = {isa = PBXFileReference; lastKnownFileType = wrapper.framework; name = Foundation.framework; path = System/Library/Frameworks/Foundation.framework; sourceTree = SDKROOT; };
		A1D75862187FDEFD00E7AA2F /* CoreGraphics.framework */ = {isa = PBXFileReference; lastKnownFileType = wrapper.framework; name = CoreGraphics.framework; path = System/Library/Frameworks/CoreGraphics.framework; sourceTree = SDKROOT; };
		A1D75864187FDEFD00E7AA2F /* UIKit.framework */ = {isa = PBXFileReference; lastKnownFileType = wrapper.framework; name = UIKit.framework; path = System/Library/Frameworks/UIKit.framework; sourceTree = SDKROOT; };
		A1D75868187FDEFD00E7AA2F /* Prototyper-Info.plist */ = {isa = PBXFileReference; lastKnownFileType = text.plist.xml; path = "Prototyper-Info.plist"; sourceTree = "<group>"; };
		A1D7586A187FDEFD00E7AA2F /* en */ = {isa = PBXFileReference; lastKnownFileType = text.plist.strings; name = en; path = en.lproj/InfoPlist.strings; sourceTree = "<group>"; };
		A1D7586C187FDEFD00E7AA2F /* main.m */ = {isa = PBXFileReference; lastKnownFileType = sourcecode.c.objc; path = main.m; sourceTree = "<group>"; };
		A1D7586E187FDEFD00E7AA2F /* Prototyper-Prefix.pch */ = {isa = PBXFileReference; lastKnownFileType = sourcecode.c.h; path = "Prototyper-Prefix.pch"; sourceTree = "<group>"; };
		A1D7586F187FDEFD00E7AA2F /* AppDelegate.h */ = {isa = PBXFileReference; lastKnownFileType = sourcecode.c.h; path = AppDelegate.h; sourceTree = "<group>"; };
		A1D75870187FDEFD00E7AA2F /* AppDelegate.m */ = {isa = PBXFileReference; lastKnownFileType = sourcecode.c.objc; path = AppDelegate.m; sourceTree = "<group>"; };
		A1D75873187FDEFD00E7AA2F /* Base */ = {isa = PBXFileReference; lastKnownFileType = file.storyboard; name = Base; path = Base.lproj/Main_iPhone.storyboard; sourceTree = "<group>"; };
		A1D75876187FDEFD00E7AA2F /* Base */ = {isa = PBXFileReference; lastKnownFileType = file.storyboard; name = Base; path = Base.lproj/Main_iPad.storyboard; sourceTree = "<group>"; };
		A1D75878187FDEFD00E7AA2F /* ProjectViewController.h */ = {isa = PBXFileReference; lastKnownFileType = sourcecode.c.h; path = ProjectViewController.h; sourceTree = "<group>"; };
		A1D75879187FDEFD00E7AA2F /* ProjectViewController.m */ = {isa = PBXFileReference; lastKnownFileType = sourcecode.c.objc; path = ProjectViewController.m; sourceTree = "<group>"; };
		A1D7587B187FDEFD00E7AA2F /* Images.xcassets */ = {isa = PBXFileReference; lastKnownFileType = folder.assetcatalog; path = Images.xcassets; sourceTree = "<group>"; };
		A1D75881187FDEFD00E7AA2F /* PrototyperTests.xctest */ = {isa = PBXFileReference; explicitFileType = wrapper.cfbundle; includeInIndex = 0; path = PrototyperTests.xctest; sourceTree = BUILT_PRODUCTS_DIR; };
		A1D75882187FDEFD00E7AA2F /* XCTest.framework */ = {isa = PBXFileReference; lastKnownFileType = wrapper.framework; name = XCTest.framework; path = Library/Frameworks/XCTest.framework; sourceTree = DEVELOPER_DIR; };
		A1D7588A187FDEFD00E7AA2F /* PrototyperTests-Info.plist */ = {isa = PBXFileReference; lastKnownFileType = text.plist.xml; path = "PrototyperTests-Info.plist"; sourceTree = "<group>"; };
		A1D7588C187FDEFD00E7AA2F /* en */ = {isa = PBXFileReference; lastKnownFileType = text.plist.strings; name = en; path = en.lproj/InfoPlist.strings; sourceTree = "<group>"; };
		A1D7588E187FDEFD00E7AA2F /* PrototyperTests.m */ = {isa = PBXFileReference; lastKnownFileType = sourcecode.c.objc; path = PrototyperTests.m; sourceTree = "<group>"; };
		A1D75898187FDF3C00E7AA2F /* ImageEditViewController.h */ = {isa = PBXFileReference; fileEncoding = 4; lastKnownFileType = sourcecode.c.h; path = ImageEditViewController.h; sourceTree = "<group>"; };
		A1D75899187FDF3C00E7AA2F /* ImageEditViewController.m */ = {isa = PBXFileReference; fileEncoding = 4; lastKnownFileType = sourcecode.c.objc; path = ImageEditViewController.m; sourceTree = "<group>"; };
		A1D7589A187FDF3C00E7AA2F /* PhotoCell.h */ = {isa = PBXFileReference; fileEncoding = 4; lastKnownFileType = sourcecode.c.h; path = PhotoCell.h; sourceTree = "<group>"; };
		A1D7589B187FDF3C00E7AA2F /* PhotoCell.m */ = {isa = PBXFileReference; fileEncoding = 4; lastKnownFileType = sourcecode.c.objc; path = PhotoCell.m; sourceTree = "<group>"; };
		A1F1437A18848852006829F2 /* UIColor+Utils.h */ = {isa = PBXFileReference; fileEncoding = 4; lastKnownFileType = sourcecode.c.h; path = "UIColor+Utils.h"; sourceTree = "<group>"; };
		A1F1437B18848852006829F2 /* UIColor+Utils.m */ = {isa = PBXFileReference; fileEncoding = 4; lastKnownFileType = sourcecode.c.objc; path = "UIColor+Utils.m"; sourceTree = "<group>"; };
		A1F1437D18849DFD006829F2 /* Constants.h */ = {isa = PBXFileReference; fileEncoding = 4; lastKnownFileType = sourcecode.c.h; path = Constants.h; sourceTree = "<group>"; };
/* End PBXFileReference section */

/* Begin PBXFrameworksBuildPhase section */
		A1D7585A187FDEFD00E7AA2F /* Frameworks */ = {
			isa = PBXFrameworksBuildPhase;
			buildActionMask = 2147483647;
			files = (
				A1D75863187FDEFD00E7AA2F /* CoreGraphics.framework in Frameworks */,
				A1D75865187FDEFD00E7AA2F /* UIKit.framework in Frameworks */,
				A1D75861187FDEFD00E7AA2F /* Foundation.framework in Frameworks */,
			);
			runOnlyForDeploymentPostprocessing = 0;
		};
		A1D7587E187FDEFD00E7AA2F /* Frameworks */ = {
			isa = PBXFrameworksBuildPhase;
			buildActionMask = 2147483647;
			files = (
				A1D75883187FDEFD00E7AA2F /* XCTest.framework in Frameworks */,
				A1D75885187FDEFD00E7AA2F /* UIKit.framework in Frameworks */,
				A1D75884187FDEFD00E7AA2F /* Foundation.framework in Frameworks */,
			);
			runOnlyForDeploymentPostprocessing = 0;
		};
/* End PBXFrameworksBuildPhase section */

/* Begin PBXGroup section */
		A1758D181887330C00490A06 /* ELCImagePicker */ = {
			isa = PBXGroup;
			children = (
				A1758D191887330C00490A06 /* ELCAlbumPickerController.h */,
				A1758D1A1887330C00490A06 /* ELCAlbumPickerController.m */,
				A1758D1B1887330C00490A06 /* ELCAsset.h */,
				A1758D1C1887330C00490A06 /* ELCAsset.m */,
				A1758D1D1887330C00490A06 /* ELCAssetCell.h */,
				A1758D1E1887330C00490A06 /* ELCAssetCell.m */,
				A1758D1F1887330C00490A06 /* ELCAssetPickerFilterDelegate.h */,
				A1758D201887330C00490A06 /* ELCAssetSelectionDelegate.h */,
				A1758D211887330C00490A06 /* ELCAssetTablePicker.h */,
				A1758D221887330C00490A06 /* ELCAssetTablePicker.m */,
				A1758D231887330C00490A06 /* ELCImagePickerController.h */,
				A1758D241887330C00490A06 /* ELCImagePickerController.m */,
				A1758D251887330C00490A06 /* Resources */,
			);
			path = ELCImagePicker;
			sourceTree = "<group>";
		};
		A1758D251887330C00490A06 /* Resources */ = {
			isa = PBXGroup;
			children = (
				A1758D291887330C00490A06 /* Overlay.png */,
				A1758D2A1887330C00490A06 /* Overlay@2x.png */,
			);
			path = Resources;
			sourceTree = "<group>";
		};
		A1758D35188739CB00490A06 /* PSAlertView */ = {
			isa = PBXGroup;
			children = (
				A1758D36188739CB00490A06 /* PSPDFActionSheet.h */,
				A1758D37188739CB00490A06 /* PSPDFActionSheet.m */,
				A1758D38188739CB00490A06 /* PSPDFAlertView.h */,
				A1758D39188739CB00490A06 /* PSPDFAlertView.m */,
				A1758D3A188739CB00490A06 /* UIColor+PSPDFKitAdditions.h */,
				A1758D3B188739CB00490A06 /* UIColor+PSPDFKitAdditions.m */,
			);
			path = PSAlertView;
			sourceTree = "<group>";
		};
		A1D2B2E21880A45000E250BF /* model */ = {
			isa = PBXGroup;
			children = (
				A1758CFC1885DDA600490A06 /* Shape.h */,
				A1758CFD1885DDA600490A06 /* Shape.m */,
				A1D2B2E41880A47E00E250BF /* ImageDetails.h */,
				A1D2B2E51880A47E00E250BF /* ImageDetails.m */,
				A1D2B2F01880A4FA00E250BF /* ImageLink.h */,
				A1D2B2F11880A4FA00E250BF /* ImageLink.m */,
				A1D2B2E61880A47E00E250BF /* Project.h */,
				A1D2B2E71880A47E00E250BF /* Project.m */,
			);
			path = model;
			sourceTree = "<group>";
		};
		A1D2B2E31880A45000E250BF /* views */ = {
			isa = PBXGroup;
			children = (
				A1D2B2ED1880A4A500E250BF /* HotspotView.h */,
				A1D2B2EE1880A4A500E250BF /* HotspotView.m */,
				A1D2B2F31881777B00E250BF /* ImageEditView.h */,
				A1D2B2F41881777B00E250BF /* ImageEditView.m */,
				A1D2B3081883F11900E250BF /* DrawView.h */,
				A1D2B3091883F11900E250BF /* DrawView.m */,
			);
			path = views;
			sourceTree = "<group>";
		};
		A1D75854187FDEFD00E7AA2F = {
			isa = PBXGroup;
			children = (
				A1D75866187FDEFD00E7AA2F /* Prototyper */,
				A1D75888187FDEFD00E7AA2F /* PrototyperTests */,
				A1D7585F187FDEFD00E7AA2F /* Frameworks */,
				A1D7585E187FDEFD00E7AA2F /* Products */,
			);
			sourceTree = "<group>";
		};
		A1D7585E187FDEFD00E7AA2F /* Products */ = {
			isa = PBXGroup;
			children = (
				A1D7585D187FDEFD00E7AA2F /* Prototyper.app */,
				A1D75881187FDEFD00E7AA2F /* PrototyperTests.xctest */,
			);
			name = Products;
			sourceTree = "<group>";
		};
		A1D7585F187FDEFD00E7AA2F /* Frameworks */ = {
			isa = PBXGroup;
			children = (
				A1D75860187FDEFD00E7AA2F /* Foundation.framework */,
				A1D75862187FDEFD00E7AA2F /* CoreGraphics.framework */,
				A1D75864187FDEFD00E7AA2F /* UIKit.framework */,
				A1D75882187FDEFD00E7AA2F /* XCTest.framework */,
			);
			name = Frameworks;
			sourceTree = "<group>";
		};
		A1D75866187FDEFD00E7AA2F /* Prototyper */ = {
			isa = PBXGroup;
			children = (
				A1758D35188739CB00490A06 /* PSAlertView */,
				A1758D181887330C00490A06 /* ELCImagePicker */,
				A1D2B2E21880A45000E250BF /* model */,
				A1D2B2E31880A45000E250BF /* views */,
				A1D7586F187FDEFD00E7AA2F /* AppDelegate.h */,
				A1D75870187FDEFD00E7AA2F /* AppDelegate.m */,
				A1F1437D18849DFD006829F2 /* Constants.h */,
				A1D75872187FDEFD00E7AA2F /* Main_iPhone.storyboard */,
				A1D75875187FDEFD00E7AA2F /* Main_iPad.storyboard */,
				A1D2B30218832EC200E250BF /* MainViewController.h */,
				A1D2B30318832EC200E250BF /* MainViewController.m */,
				A1D75878187FDEFD00E7AA2F /* ProjectViewController.h */,
				A1D75879187FDEFD00E7AA2F /* ProjectViewController.m */,
				A1D75898187FDF3C00E7AA2F /* ImageEditViewController.h */,
				A1D75899187FDF3C00E7AA2F /* ImageEditViewController.m */,
				A1D2B3051883F10800E250BF /* DrawViewController.h */,
				A1D2B3061883F10800E250BF /* DrawViewController.m */,
				A1D2B2DF18809C9E00E250BF /* LinkImageViewController.h */,
				A1D2B2E018809C9E00E250BF /* LinkImageViewController.m */,
				A1D2B2F618820E8F00E250BF /* PlaybackViewController.h */,
				A1D2B2F718820E8F00E250BF /* PlaybackViewController.m */,
				A1F1437A18848852006829F2 /* UIColor+Utils.h */,
				A1F1437B18848852006829F2 /* UIColor+Utils.m */,
				A1758CFF1885DDB700490A06 /* UIBezierPath+TextPaths.h */,
				A1758D001885DDB700490A06 /* UIBezierPath+TextPaths.m */,
				A1D7589A187FDF3C00E7AA2F /* PhotoCell.h */,
				A1D7589B187FDF3C00E7AA2F /* PhotoCell.m */,
				A1758D1518872E4F00490A06 /* PopoverView.h */,
				A1758D1618872E4F00490A06 /* PopoverView.m */,
				A1D7587B187FDEFD00E7AA2F /* Images.xcassets */,
				A1D75867187FDEFD00E7AA2F /* Supporting Files */,
			);
			path = Prototyper;
			sourceTree = "<group>";
		};
		A1D75867187FDEFD00E7AA2F /* Supporting Files */ = {
			isa = PBXGroup;
			children = (
				A1758D0D1886FBFF00490A06 /* IMG_0001.PNG */,
				A1758D021885F13300490A06 /* Settings.bundle */,
				A1D75868187FDEFD00E7AA2F /* Prototyper-Info.plist */,
				A1D75869187FDEFD00E7AA2F /* InfoPlist.strings */,
				A1D7586C187FDEFD00E7AA2F /* main.m */,
				A1D7586E187FDEFD00E7AA2F /* Prototyper-Prefix.pch */,
			);
			name = "Supporting Files";
			sourceTree = "<group>";
		};
		A1D75888187FDEFD00E7AA2F /* PrototyperTests */ = {
			isa = PBXGroup;
			children = (
				A1D7588E187FDEFD00E7AA2F /* PrototyperTests.m */,
				A1D75889187FDEFD00E7AA2F /* Supporting Files */,
			);
			path = PrototyperTests;
			sourceTree = "<group>";
		};
		A1D75889187FDEFD00E7AA2F /* Supporting Files */ = {
			isa = PBXGroup;
			children = (
				A1D7588A187FDEFD00E7AA2F /* PrototyperTests-Info.plist */,
				A1D7588B187FDEFD00E7AA2F /* InfoPlist.strings */,
			);
			name = "Supporting Files";
			sourceTree = "<group>";
		};
/* End PBXGroup section */

/* Begin PBXNativeTarget section */
		A1D7585C187FDEFD00E7AA2F /* Prototyper */ = {
			isa = PBXNativeTarget;
			buildConfigurationList = A1D75892187FDEFD00E7AA2F /* Build configuration list for PBXNativeTarget "Prototyper" */;
			buildPhases = (
				A1758D041885F1BE00490A06 /* ShellScript */,
				A1D75859187FDEFD00E7AA2F /* Sources */,
				A1D7585A187FDEFD00E7AA2F /* Frameworks */,
				A1D7585B187FDEFD00E7AA2F /* Resources */,
			);
			buildRules = (
			);
			dependencies = (
			);
			name = Prototyper;
			productName = Prototyper;
			productReference = A1D7585D187FDEFD00E7AA2F /* Prototyper.app */;
			productType = "com.apple.product-type.application";
		};
		A1D75880187FDEFD00E7AA2F /* PrototyperTests */ = {
			isa = PBXNativeTarget;
			buildConfigurationList = A1D75895187FDEFD00E7AA2F /* Build configuration list for PBXNativeTarget "PrototyperTests" */;
			buildPhases = (
				A1D7587D187FDEFD00E7AA2F /* Sources */,
				A1D7587E187FDEFD00E7AA2F /* Frameworks */,
				A1D7587F187FDEFD00E7AA2F /* Resources */,
			);
			buildRules = (
			);
			dependencies = (
				A1D75887187FDEFD00E7AA2F /* PBXTargetDependency */,
			);
			name = PrototyperTests;
			productName = PrototyperTests;
			productReference = A1D75881187FDEFD00E7AA2F /* PrototyperTests.xctest */;
			productType = "com.apple.product-type.bundle.unit-test";
		};
/* End PBXNativeTarget section */

/* Begin PBXProject section */
		A1D75855187FDEFD00E7AA2F /* Project object */ = {
			isa = PBXProject;
			attributes = {
				LastUpgradeCheck = 0510;
				ORGANIZATIONNAME = "Andy Qua";
				TargetAttributes = {
					A1D75880187FDEFD00E7AA2F = {
						TestTargetID = A1D7585C187FDEFD00E7AA2F;
					};
				};
			};
			buildConfigurationList = A1D75858187FDEFD00E7AA2F /* Build configuration list for PBXProject "Prototyper" */;
			compatibilityVersion = "Xcode 3.2";
			developmentRegion = English;
			hasScannedForEncodings = 0;
			knownRegions = (
				en,
				Base,
			);
			mainGroup = A1D75854187FDEFD00E7AA2F;
			productRefGroup = A1D7585E187FDEFD00E7AA2F /* Products */;
			projectDirPath = "";
			projectRoot = "";
			targets = (
				A1D7585C187FDEFD00E7AA2F /* Prototyper */,
				A1D75880187FDEFD00E7AA2F /* PrototyperTests */,
			);
		};
/* End PBXProject section */

/* Begin PBXResourcesBuildPhase section */
		A1D7585B187FDEFD00E7AA2F /* Resources */ = {
			isa = PBXResourcesBuildPhase;
			buildActionMask = 2147483647;
			files = (
				A1D75877187FDEFD00E7AA2F /* Main_iPad.storyboard in Resources */,
				A1D7587C187FDEFD00E7AA2F /* Images.xcassets in Resources */,
				A1758D341887330C00490A06 /* Overlay@2x.png in Resources */,
				A1758D031885F13300490A06 /* Settings.bundle in Resources */,
				A1D75874187FDEFD00E7AA2F /* Main_iPhone.storyboard in Resources */,
				A1758D331887330C00490A06 /* Overlay.png in Resources */,
				A1758D0E1886FBFF00490A06 /* IMG_0001.PNG in Resources */,
				A1D7586B187FDEFD00E7AA2F /* InfoPlist.strings in Resources */,
			);
			runOnlyForDeploymentPostprocessing = 0;
		};
		A1D7587F187FDEFD00E7AA2F /* Resources */ = {
			isa = PBXResourcesBuildPhase;
			buildActionMask = 2147483647;
			files = (
				A1D7588D187FDEFD00E7AA2F /* InfoPlist.strings in Resources */,
			);
			runOnlyForDeploymentPostprocessing = 0;
		};
/* End PBXResourcesBuildPhase section */

/* Begin PBXShellScriptBuildPhase section */
		A1758D041885F1BE00490A06 /* ShellScript */ = {
			isa = PBXShellScriptBuildPhase;
			buildActionMask = 2147483647;
			files = (
			);
			inputPaths = (
			);
			outputPaths = (
			);
			runOnlyForDeploymentPostprocessing = 0;
			shellPath = /bin/sh;
			shellScript = "echo \"$SRCROOT/Prototyper/Prototyper-Info.plist\"\nversion=`/usr/libexec/PlistBuddy -c \"Print CFBundleShortVersionString\" $SRCROOT/Prototyper/Prototyper-Info.plist`\nbuild=`/usr/libexec/PlistBuddy -c \"Print CFBundleVersion\" $SRCROOT/Prototyper/Prototyper-Info.plist`\n\n/usr/libexec/PlistBuddy \"$SRCROOT/Settings.bundle/Root.plist\" -c \"set PreferenceSpecifiers:1:DefaultValue $version ($build)\"\n\n";
			showEnvVarsInLog = 0;
		};
/* End PBXShellScriptBuildPhase section */

/* Begin PBXSourcesBuildPhase section */
		A1D75859187FDEFD00E7AA2F /* Sources */ = {
			isa = PBXSourcesBuildPhase;
			buildActionMask = 2147483647;
			files = (
				A1758D2B1887330C00490A06 /* ELCAlbumPickerController.m in Sources */,
				A1D758A0187FDF3C00E7AA2F /* ImageEditViewController.m in Sources */,
				A1D758A1187FDF3C00E7AA2F /* PhotoCell.m in Sources */,
				A1D2B2F818820E8F00E250BF /* PlaybackViewController.m in Sources */,
				A1758D2D1887330C00490A06 /* ELCAssetCell.m in Sources */,
				A1758D1718872E4F00490A06 /* PopoverView.m in Sources */,
				A1F1437C18848852006829F2 /* UIColor+Utils.m in Sources */,
				A1758D2F1887330C00490A06 /* ELCImagePickerController.m in Sources */,
				A1D7587A187FDEFD00E7AA2F /* ProjectViewController.m in Sources */,
				A1D2B2E91880A47E00E250BF /* Project.m in Sources */,
				A1758CFE1885DDA600490A06 /* Shape.m in Sources */,
				A1758D011885DDB700490A06 /* UIBezierPath+TextPaths.m in Sources */,
				A1D2B3071883F10800E250BF /* DrawViewController.m in Sources */,
				A1758D2C1887330C00490A06 /* ELCAsset.m in Sources */,
				A1D2B2EF1880A4A500E250BF /* HotspotView.m in Sources */,
				A1758D3D188739CB00490A06 /* PSPDFAlertView.m in Sources */,
				A1D2B2F21880A4FA00E250BF /* ImageLink.m in Sources */,
				A1D2B2F51881777B00E250BF /* ImageEditView.m in Sources */,
				A1758D3E188739CB00490A06 /* UIColor+PSPDFKitAdditions.m in Sources */,
				A1D2B2E118809C9E00E250BF /* LinkImageViewController.m in Sources */,
				A1D2B2E81880A47E00E250BF /* ImageDetails.m in Sources */,
				A1D75871187FDEFD00E7AA2F /* AppDelegate.m in Sources */,
				A1D2B30418832EC200E250BF /* MainViewController.m in Sources */,
				A1D2B30A1883F11900E250BF /* DrawView.m in Sources */,
				A1D7586D187FDEFD00E7AA2F /* main.m in Sources */,
				A1758D2E1887330C00490A06 /* ELCAssetTablePicker.m in Sources */,
				A1758D3C188739CB00490A06 /* PSPDFActionSheet.m in Sources */,
			);
			runOnlyForDeploymentPostprocessing = 0;
		};
		A1D7587D187FDEFD00E7AA2F /* Sources */ = {
			isa = PBXSourcesBuildPhase;
			buildActionMask = 2147483647;
			files = (
				A1D7588F187FDEFD00E7AA2F /* PrototyperTests.m in Sources */,
			);
			runOnlyForDeploymentPostprocessing = 0;
		};
/* End PBXSourcesBuildPhase section */

/* Begin PBXTargetDependency section */
		A1D75887187FDEFD00E7AA2F /* PBXTargetDependency */ = {
			isa = PBXTargetDependency;
			target = A1D7585C187FDEFD00E7AA2F /* Prototyper */;
			targetProxy = A1D75886187FDEFD00E7AA2F /* PBXContainerItemProxy */;
		};
/* End PBXTargetDependency section */

/* Begin PBXVariantGroup section */
		A1D75869187FDEFD00E7AA2F /* InfoPlist.strings */ = {
			isa = PBXVariantGroup;
			children = (
				A1D7586A187FDEFD00E7AA2F /* en */,
			);
			name = InfoPlist.strings;
			sourceTree = "<group>";
		};
		A1D75872187FDEFD00E7AA2F /* Main_iPhone.storyboard */ = {
			isa = PBXVariantGroup;
			children = (
				A1D75873187FDEFD00E7AA2F /* Base */,
			);
			name = Main_iPhone.storyboard;
			sourceTree = "<group>";
		};
		A1D75875187FDEFD00E7AA2F /* Main_iPad.storyboard */ = {
			isa = PBXVariantGroup;
			children = (
				A1D75876187FDEFD00E7AA2F /* Base */,
			);
			name = Main_iPad.storyboard;
			sourceTree = "<group>";
		};
		A1D7588B187FDEFD00E7AA2F /* InfoPlist.strings */ = {
			isa = PBXVariantGroup;
			children = (
				A1D7588C187FDEFD00E7AA2F /* en */,
			);
			name = InfoPlist.strings;
			sourceTree = "<group>";
		};
/* End PBXVariantGroup section */

/* Begin XCBuildConfiguration section */
		A1D2B2FF18831E6500E250BF /* AdHoc */ = {
			isa = XCBuildConfiguration;
			buildSettings = {
				ALWAYS_SEARCH_USER_PATHS = NO;
				ARCHS = "$(ARCHS_STANDARD_INCLUDING_64_BIT)";
				CLANG_CXX_LANGUAGE_STANDARD = "gnu++0x";
				CLANG_CXX_LIBRARY = "libc++";
				CLANG_ENABLE_MODULES = YES;
				CLANG_ENABLE_OBJC_ARC = YES;
				CLANG_WARN_BOOL_CONVERSION = YES;
				CLANG_WARN_CONSTANT_CONVERSION = YES;
				CLANG_WARN_DIRECT_OBJC_ISA_USAGE = YES_ERROR;
				CLANG_WARN_EMPTY_BODY = YES;
				CLANG_WARN_ENUM_CONVERSION = YES;
				CLANG_WARN_INT_CONVERSION = YES;
				CLANG_WARN_OBJC_ROOT_CLASS = YES_ERROR;
				CLANG_WARN__DUPLICATE_METHOD_MATCH = YES;
				"CODE_SIGN_IDENTITY[sdk=iphoneos*]" = "iPhone Distribution: Andy Qua (A4ZM73UFF5)";
				COPY_PHASE_STRIP = YES;
				ENABLE_NS_ASSERTIONS = NO;
				GCC_C_LANGUAGE_STANDARD = gnu99;
				GCC_WARN_64_TO_32_BIT_CONVERSION = YES;
				GCC_WARN_ABOUT_RETURN_TYPE = YES_ERROR;
				GCC_WARN_UNDECLARED_SELECTOR = YES;
				GCC_WARN_UNINITIALIZED_AUTOS = YES_AGGRESSIVE;
				GCC_WARN_UNUSED_FUNCTION = YES;
				GCC_WARN_UNUSED_VARIABLE = YES;
				IPHONEOS_DEPLOYMENT_TARGET = 7.1;
				PROVISIONING_PROFILE = "EA9CF902-45F9-4A78-A34D-3E9B8D5B493F";
				SDKROOT = iphoneos;
				TARGETED_DEVICE_FAMILY = "1,2";
				VALIDATE_PRODUCT = YES;
			};
			name = AdHoc;
		};
		A1D2B30018831E6500E250BF /* AdHoc */ = {
			isa = XCBuildConfiguration;
			buildSettings = {
				ASSETCATALOG_COMPILER_APPICON_NAME = AppIcon;
				ASSETCATALOG_COMPILER_LAUNCHIMAGE_NAME = LaunchImage;
				GCC_PRECOMPILE_PREFIX_HEADER = YES;
				GCC_PREFIX_HEADER = "Prototyper/Prototyper-Prefix.pch";
				INFOPLIST_FILE = "Prototyper/Prototyper-Info.plist";
				IPHONEOS_DEPLOYMENT_TARGET = 7.0;
				PRODUCT_NAME = "$(TARGET_NAME)";
				WRAPPER_EXTENSION = app;
			};
			name = AdHoc;
		};
		A1D2B30118831E6500E250BF /* AdHoc */ = {
			isa = XCBuildConfiguration;
			buildSettings = {
				ARCHS = "$(ARCHS_STANDARD_INCLUDING_64_BIT)";
				BUNDLE_LOADER = "$(BUILT_PRODUCTS_DIR)/Prototyper.app/Prototyper";
				FRAMEWORK_SEARCH_PATHS = (
					"$(SDKROOT)/Developer/Library/Frameworks",
					"$(inherited)",
					"$(DEVELOPER_FRAMEWORKS_DIR)",
				);
				GCC_PRECOMPILE_PREFIX_HEADER = YES;
				GCC_PREFIX_HEADER = "Prototyper/Prototyper-Prefix.pch";
				INFOPLIST_FILE = "PrototyperTests/PrototyperTests-Info.plist";
				PRODUCT_NAME = "$(TARGET_NAME)";
				TEST_HOST = "$(BUNDLE_LOADER)";
				WRAPPER_EXTENSION = xctest;
			};
			name = AdHoc;
		};
		A1D75890187FDEFD00E7AA2F /* Debug */ = {
			isa = XCBuildConfiguration;
			buildSettings = {
				ALWAYS_SEARCH_USER_PATHS = NO;
				ARCHS = "$(ARCHS_STANDARD_INCLUDING_64_BIT)";
				CLANG_CXX_LANGUAGE_STANDARD = "gnu++0x";
				CLANG_CXX_LIBRARY = "libc++";
				CLANG_ENABLE_MODULES = YES;
				CLANG_ENABLE_OBJC_ARC = YES;
				CLANG_WARN_BOOL_CONVERSION = YES;
				CLANG_WARN_CONSTANT_CONVERSION = YES;
				CLANG_WARN_DIRECT_OBJC_ISA_USAGE = YES_ERROR;
				CLANG_WARN_EMPTY_BODY = YES;
				CLANG_WARN_ENUM_CONVERSION = YES;
				CLANG_WARN_INT_CONVERSION = YES;
				CLANG_WARN_OBJC_ROOT_CLASS = YES_ERROR;
				CLANG_WARN__DUPLICATE_METHOD_MATCH = YES;
				"CODE_SIGN_IDENTITY[sdk=iphoneos*]" = "iPhone Developer: Andy Qua (8Q7Y8AHM47)";
				COPY_PHASE_STRIP = NO;
				GCC_C_LANGUAGE_STANDARD = gnu99;
				GCC_DYNAMIC_NO_PIC = NO;
				GCC_OPTIMIZATION_LEVEL = 0;
				GCC_PREPROCESSOR_DEFINITIONS = (
					"DEBUG=1",
					"$(inherited)",
				);
				GCC_SYMBOLS_PRIVATE_EXTERN = NO;
				GCC_WARN_64_TO_32_BIT_CONVERSION = YES;
				GCC_WARN_ABOUT_RETURN_TYPE = YES_ERROR;
				GCC_WARN_UNDECLARED_SELECTOR = YES;
				GCC_WARN_UNINITIALIZED_AUTOS = YES_AGGRESSIVE;
				GCC_WARN_UNUSED_FUNCTION = YES;
				GCC_WARN_UNUSED_VARIABLE = YES;
				IPHONEOS_DEPLOYMENT_TARGET = 7.1;
				ONLY_ACTIVE_ARCH = YES;
				PROVISIONING_PROFILE = "17A31A7D-0538-40CD-84EF-BA905102950F";
				SDKROOT = iphoneos;
				TARGETED_DEVICE_FAMILY = "1,2";
			};
			name = Debug;
		};
		A1D75891187FDEFD00E7AA2F /* Release */ = {
			isa = XCBuildConfiguration;
			buildSettings = {
				ALWAYS_SEARCH_USER_PATHS = NO;
				ARCHS = "$(ARCHS_STANDARD_INCLUDING_64_BIT)";
				CLANG_CXX_LANGUAGE_STANDARD = "gnu++0x";
				CLANG_CXX_LIBRARY = "libc++";
				CLANG_ENABLE_MODULES = YES;
				CLANG_ENABLE_OBJC_ARC = YES;
				CLANG_WARN_BOOL_CONVERSION = YES;
				CLANG_WARN_CONSTANT_CONVERSION = YES;
				CLANG_WARN_DIRECT_OBJC_ISA_USAGE = YES_ERROR;
				CLANG_WARN_EMPTY_BODY = YES;
				CLANG_WARN_ENUM_CONVERSION = YES;
				CLANG_WARN_INT_CONVERSION = YES;
				CLANG_WARN_OBJC_ROOT_CLASS = YES_ERROR;
				CLANG_WARN__DUPLICATE_METHOD_MATCH = YES;
				"CODE_SIGN_IDENTITY[sdk=iphoneos*]" = "iPhone Developer: Andy Qua (8Q7Y8AHM47)";
				COPY_PHASE_STRIP = YES;
				ENABLE_NS_ASSERTIONS = NO;
				GCC_C_LANGUAGE_STANDARD = gnu99;
				GCC_WARN_64_TO_32_BIT_CONVERSION = YES;
				GCC_WARN_ABOUT_RETURN_TYPE = YES_ERROR;
				GCC_WARN_UNDECLARED_SELECTOR = YES;
				GCC_WARN_UNINITIALIZED_AUTOS = YES_AGGRESSIVE;
				GCC_WARN_UNUSED_FUNCTION = YES;
				GCC_WARN_UNUSED_VARIABLE = YES;
				IPHONEOS_DEPLOYMENT_TARGET = 7.1;
				PROVISIONING_PROFILE = "17A31A7D-0538-40CD-84EF-BA905102950F";
				SDKROOT = iphoneos;
				TARGETED_DEVICE_FAMILY = "1,2";
				VALIDATE_PRODUCT = YES;
			};
			name = Release;
		};
		A1D75893187FDEFD00E7AA2F /* Debug */ = {
			isa = XCBuildConfiguration;
			buildSettings = {
				ASSETCATALOG_COMPILER_APPICON_NAME = AppIcon;
				ASSETCATALOG_COMPILER_LAUNCHIMAGE_NAME = LaunchImage;
				GCC_PRECOMPILE_PREFIX_HEADER = YES;
				GCC_PREFIX_HEADER = "Prototyper/Prototyper-Prefix.pch";
				INFOPLIST_FILE = "Prototyper/Prototyper-Info.plist";
				IPHONEOS_DEPLOYMENT_TARGET = 7.0;
				PRODUCT_NAME = "$(TARGET_NAME)";
				WRAPPER_EXTENSION = app;
			};
			name = Debug;
		};
		A1D75894187FDEFD00E7AA2F /* Release */ = {
			isa = XCBuildConfiguration;
			buildSettings = {
				ASSETCATALOG_COMPILER_APPICON_NAME = AppIcon;
				ASSETCATALOG_COMPILER_LAUNCHIMAGE_NAME = LaunchImage;
				GCC_PRECOMPILE_PREFIX_HEADER = YES;
				GCC_PREFIX_HEADER = "Prototyper/Prototyper-Prefix.pch";
				INFOPLIST_FILE = "Prototyper/Prototyper-Info.plist";
				IPHONEOS_DEPLOYMENT_TARGET = 7.0;
				PRODUCT_NAME = "$(TARGET_NAME)";
				WRAPPER_EXTENSION = app;
			};
			name = Release;
		};
		A1D75896187FDEFD00E7AA2F /* Debug */ = {
			isa = XCBuildConfiguration;
			buildSettings = {
				ARCHS = "$(ARCHS_STANDARD_INCLUDING_64_BIT)";
				BUNDLE_LOADER = "$(BUILT_PRODUCTS_DIR)/Prototyper.app/Prototyper";
				FRAMEWORK_SEARCH_PATHS = (
					"$(SDKROOT)/Developer/Library/Frameworks",
					"$(inherited)",
					"$(DEVELOPER_FRAMEWORKS_DIR)",
				);
				GCC_PRECOMPILE_PREFIX_HEADER = YES;
				GCC_PREFIX_HEADER = "Prototyper/Prototyper-Prefix.pch";
				GCC_PREPROCESSOR_DEFINITIONS = (
					"DEBUG=1",
					"$(inherited)",
				);
				INFOPLIST_FILE = "PrototyperTests/PrototyperTests-Info.plist";
				PRODUCT_NAME = "$(TARGET_NAME)";
				TEST_HOST = "$(BUNDLE_LOADER)";
				WRAPPER_EXTENSION = xctest;
			};
			name = Debug;
		};
		A1D75897187FDEFD00E7AA2F /* Release */ = {
			isa = XCBuildConfiguration;
			buildSettings = {
				ARCHS = "$(ARCHS_STANDARD_INCLUDING_64_BIT)";
				BUNDLE_LOADER = "$(BUILT_PRODUCTS_DIR)/Prototyper.app/Prototyper";
				FRAMEWORK_SEARCH_PATHS = (
					"$(SDKROOT)/Developer/Library/Frameworks",
					"$(inherited)",
					"$(DEVELOPER_FRAMEWORKS_DIR)",
				);
				GCC_PRECOMPILE_PREFIX_HEADER = YES;
				GCC_PREFIX_HEADER = "Prototyper/Prototyper-Prefix.pch";
				INFOPLIST_FILE = "PrototyperTests/PrototyperTests-Info.plist";
				PRODUCT_NAME = "$(TARGET_NAME)";
				TEST_HOST = "$(BUNDLE_LOADER)";
				WRAPPER_EXTENSION = xctest;
			};
			name = Release;
		};
/* End XCBuildConfiguration section */

/* Begin XCConfigurationList section */
		A1D75858187FDEFD00E7AA2F /* Build configuration list for PBXProject "Prototyper" */ = {
			isa = XCConfigurationList;
			buildConfigurations = (
				A1D75890187FDEFD00E7AA2F /* Debug */,
				A1D75891187FDEFD00E7AA2F /* Release */,
				A1D2B2FF18831E6500E250BF /* AdHoc */,
			);
			defaultConfigurationIsVisible = 0;
			defaultConfigurationName = Release;
		};
		A1D75892187FDEFD00E7AA2F /* Build configuration list for PBXNativeTarget "Prototyper" */ = {
			isa = XCConfigurationList;
			buildConfigurations = (
				A1D75893187FDEFD00E7AA2F /* Debug */,
				A1D75894187FDEFD00E7AA2F /* Release */,
				A1D2B30018831E6500E250BF /* AdHoc */,
			);
			defaultConfigurationIsVisible = 0;
			defaultConfigurationName = Release;
		};
		A1D75895187FDEFD00E7AA2F /* Build configuration list for PBXNativeTarget "PrototyperTests" */ = {
			isa = XCConfigurationList;
			buildConfigurations = (
				A1D75896187FDEFD00E7AA2F /* Debug */,
				A1D75897187FDEFD00E7AA2F /* Release */,
				A1D2B30118831E6500E250BF /* AdHoc */,
			);
			defaultConfigurationIsVisible = 0;
			defaultConfigurationName = Release;
		};
/* End XCConfigurationList section */
	};
	rootObject = A1D75855187FDEFD00E7AA2F /* Project object */;
}
