// !$*UTF8*$!
{
	archiveVersion = 1;
	classes = {
	};
	objectVersion = 46;
	objects = {

/* Begin PBXBuildFile section */
		A14C93A6189530C5008F6A0D /* PhotoCell.m in Sources */ = {isa = PBXBuildFile; fileRef = A14C9390189530C5008F6A0D /* PhotoCell.m */; };
		A14C93A8189530C5008F6A0D /* UIBezierPath+TextPaths.m in Sources */ = {isa = PBXBuildFile; fileRef = A14C9396189530C5008F6A0D /* UIBezierPath+TextPaths.m */; };
		A14C93A9189530C5008F6A0D /* UIColor+Utils.m in Sources */ = {isa = PBXBuildFile; fileRef = A14C9398189530C5008F6A0D /* UIColor+Utils.m */; };
		A14C93AA189530C5008F6A0D /* DrawViewController.m in Sources */ = {isa = PBXBuildFile; fileRef = A14C939B189530C5008F6A0D /* DrawViewController.m */; };
		A14C93AB189530C5008F6A0D /* ImageEditViewController.m in Sources */ = {isa = PBXBuildFile; fileRef = A14C939D189530C5008F6A0D /* ImageEditViewController.m */; };
		A14C93AC189530C5008F6A0D /* LinkImageViewController.m in Sources */ = {isa = PBXBuildFile; fileRef = A14C939F189530C5008F6A0D /* LinkImageViewController.m */; };
		A14C93AD189530C5008F6A0D /* MainViewController.m in Sources */ = {isa = PBXBuildFile; fileRef = A14C93A1189530C5008F6A0D /* MainViewController.m */; };
		A14C93AE189530C5008F6A0D /* PlaybackViewController.m in Sources */ = {isa = PBXBuildFile; fileRef = A14C93A3189530C5008F6A0D /* PlaybackViewController.m */; };
		A14C93AF189530C5008F6A0D /* ProjectViewController.m in Sources */ = {isa = PBXBuildFile; fileRef = A14C93A5189530C5008F6A0D /* ProjectViewController.m */; };
		A14C93FD1899A50D008F6A0D /* libz.dylib in Frameworks */ = {isa = PBXBuildFile; fileRef = A14C93FC1899A50D008F6A0D /* libz.dylib */; };
		A14C94001899A56D008F6A0D /* ProjectSelectTableViewCell.m in Sources */ = {isa = PBXBuildFile; fileRef = A14C93FF1899A56D008F6A0D /* ProjectSelectTableViewCell.m */; };
		A14C9403189BB254008F6A0D /* UIImageView+ContentScale.m in Sources */ = {isa = PBXBuildFile; fileRef = A14C9402189BB254008F6A0D /* UIImageView+ContentScale.m */; };
		A1758CFE1885DDA600490A06 /* Shape.m in Sources */ = {isa = PBXBuildFile; fileRef = A1758CFD1885DDA600490A06 /* Shape.m */; };
		A1758D031885F13300490A06 /* Settings.bundle in Resources */ = {isa = PBXBuildFile; fileRef = A1758D021885F13300490A06 /* Settings.bundle */; };
		A1CC97C718A83AE200816C03 /* demo.zip in Resources */ = {isa = PBXBuildFile; fileRef = A1CC97C618A83AE200816C03 /* demo.zip */; };
		A1CC97D118A9875900816C03 /* AlbumSelectViewController.m in Sources */ = {isa = PBXBuildFile; fileRef = A1CC97CE18A9875900816C03 /* AlbumSelectViewController.m */; };
		A1CC97D218A9875900816C03 /* AlbumContentsViewController.m in Sources */ = {isa = PBXBuildFile; fileRef = A1CC97D018A9875900816C03 /* AlbumContentsViewController.m */; };
		A1D2B2E81880A47E00E250BF /* ImageDetails.m in Sources */ = {isa = PBXBuildFile; fileRef = A1D2B2E51880A47E00E250BF /* ImageDetails.m */; };
		A1D2B2E91880A47E00E250BF /* Project.m in Sources */ = {isa = PBXBuildFile; fileRef = A1D2B2E71880A47E00E250BF /* Project.m */; };
		A1D2B2EF1880A4A500E250BF /* HotspotView.m in Sources */ = {isa = PBXBuildFile; fileRef = A1D2B2EE1880A4A500E250BF /* HotspotView.m */; };
		A1D2B2F21880A4FA00E250BF /* ImageLink.m in Sources */ = {isa = PBXBuildFile; fileRef = A1D2B2F11880A4FA00E250BF /* ImageLink.m */; };
		A1D2B2F51881777B00E250BF /* ImageEditView.m in Sources */ = {isa = PBXBuildFile; fileRef = A1D2B2F41881777B00E250BF /* ImageEditView.m */; };
		A1D2B30A1883F11900E250BF /* DrawView.m in Sources */ = {isa = PBXBuildFile; fileRef = A1D2B3091883F11900E250BF /* DrawView.m */; };
		A1D75861187FDEFD00E7AA2F /* Foundation.framework in Frameworks */ = {isa = PBXBuildFile; fileRef = A1D75860187FDEFD00E7AA2F /* Foundation.framework */; };
		A1D75863187FDEFD00E7AA2F /* CoreGraphics.framework in Frameworks */ = {isa = PBXBuildFile; fileRef = A1D75862187FDEFD00E7AA2F /* CoreGraphics.framework */; };
		A1D75865187FDEFD00E7AA2F /* UIKit.framework in Frameworks */ = {isa = PBXBuildFile; fileRef = A1D75864187FDEFD00E7AA2F /* UIKit.framework */; };
		A1D7586B187FDEFD00E7AA2F /* InfoPlist.strings in Resources */ = {isa = PBXBuildFile; fileRef = A1D75869187FDEFD00E7AA2F /* InfoPlist.strings */; };
		A1D7586D187FDEFD00E7AA2F /* main.m in Sources */ = {isa = PBXBuildFile; fileRef = A1D7586C187FDEFD00E7AA2F /* main.m */; };
		A1D75871187FDEFD00E7AA2F /* AppDelegate.m in Sources */ = {isa = PBXBuildFile; fileRef = A1D75870187FDEFD00E7AA2F /* AppDelegate.m */; };
		A1D75874187FDEFD00E7AA2F /* Main_iPhone.storyboard in Resources */ = {isa = PBXBuildFile; fileRef = A1D75872187FDEFD00E7AA2F /* Main_iPhone.storyboard */; };
		A1D75877187FDEFD00E7AA2F /* Main_iPad.storyboard in Resources */ = {isa = PBXBuildFile; fileRef = A1D75875187FDEFD00E7AA2F /* Main_iPad.storyboard */; };
		A1D7587C187FDEFD00E7AA2F /* Images.xcassets in Resources */ = {isa = PBXBuildFile; fileRef = A1D7587B187FDEFD00E7AA2F /* Images.xcassets */; };
		A1D75883187FDEFD00E7AA2F /* XCTest.framework in Frameworks */ = {isa = PBXBuildFile; fileRef = A1D75882187FDEFD00E7AA2F /* XCTest.framework */; };
		A1D75884187FDEFD00E7AA2F /* Foundation.framework in Frameworks */ = {isa = PBXBuildFile; fileRef = A1D75860187FDEFD00E7AA2F /* Foundation.framework */; };
		A1D75885187FDEFD00E7AA2F /* UIKit.framework in Frameworks */ = {isa = PBXBuildFile; fileRef = A1D75864187FDEFD00E7AA2F /* UIKit.framework */; };
		A1D7588D187FDEFD00E7AA2F /* InfoPlist.strings in Resources */ = {isa = PBXBuildFile; fileRef = A1D7588B187FDEFD00E7AA2F /* InfoPlist.strings */; };
		A1D7588F187FDEFD00E7AA2F /* PrototyperTests.m in Sources */ = {isa = PBXBuildFile; fileRef = A1D7588E187FDEFD00E7AA2F /* PrototyperTests.m */; };
		E2108AE58D7B48D7B2ED9DA6 /* libPods.a in Frameworks */ = {isa = PBXBuildFile; fileRef = 13913ABBD076487092923C91 /* libPods.a */; };
/* End PBXBuildFile section */

/* Begin PBXContainerItemProxy section */
		A1D75886187FDEFD00E7AA2F /* PBXContainerItemProxy */ = {
			isa = PBXContainerItemProxy;
			containerPortal = A1D75855187FDEFD00E7AA2F /* Project object */;
			proxyType = 1;
			remoteGlobalIDString = A1D7585C187FDEFD00E7AA2F;
			remoteInfo = Prototyper;
		};
/* End PBXContainerItemProxy section */

/* Begin PBXFileReference section */
		13913ABBD076487092923C91 /* libPods.a */ = {isa = PBXFileReference; explicitFileType = archive.ar; includeInIndex = 0; path = libPods.a; sourceTree = BUILT_PRODUCTS_DIR; };
		3EA35D255AE14975805FAC1C /* Pods.xcconfig */ = {isa = PBXFileReference; includeInIndex = 1; lastKnownFileType = text.xcconfig; name = Pods.xcconfig; path = Pods/Pods.xcconfig; sourceTree = "<group>"; };
		A14C938F189530C5008F6A0D /* PhotoCell.h */ = {isa = PBXFileReference; fileEncoding = 4; lastKnownFileType = sourcecode.c.h; path = PhotoCell.h; sourceTree = "<group>"; };
		A14C9390189530C5008F6A0D /* PhotoCell.m */ = {isa = PBXFileReference; fileEncoding = 4; lastKnownFileType = sourcecode.c.objc; path = PhotoCell.m; sourceTree = "<group>"; };
		A14C9395189530C5008F6A0D /* UIBezierPath+TextPaths.h */ = {isa = PBXFileReference; fileEncoding = 4; lastKnownFileType = sourcecode.c.h; path = "UIBezierPath+TextPaths.h"; sourceTree = "<group>"; };
		A14C9396189530C5008F6A0D /* UIBezierPath+TextPaths.m */ = {isa = PBXFileReference; fileEncoding = 4; lastKnownFileType = sourcecode.c.objc; path = "UIBezierPath+TextPaths.m"; sourceTree = "<group>"; };
		A14C9397189530C5008F6A0D /* UIColor+Utils.h */ = {isa = PBXFileReference; fileEncoding = 4; lastKnownFileType = sourcecode.c.h; path = "UIColor+Utils.h"; sourceTree = "<group>"; };
		A14C9398189530C5008F6A0D /* UIColor+Utils.m */ = {isa = PBXFileReference; fileEncoding = 4; lastKnownFileType = sourcecode.c.objc; path = "UIColor+Utils.m"; sourceTree = "<group>"; };
		A14C939A189530C5008F6A0D /* DrawViewController.h */ = {isa = PBXFileReference; fileEncoding = 4; lastKnownFileType = sourcecode.c.h; path = DrawViewController.h; sourceTree = "<group>"; };
		A14C939B189530C5008F6A0D /* DrawViewController.m */ = {isa = PBXFileReference; fileEncoding = 4; lastKnownFileType = sourcecode.c.objc; path = DrawViewController.m; sourceTree = "<group>"; };
		A14C939C189530C5008F6A0D /* ImageEditViewController.h */ = {isa = PBXFileReference; fileEncoding = 4; lastKnownFileType = sourcecode.c.h; path = ImageEditViewController.h; sourceTree = "<group>"; };
		A14C939D189530C5008F6A0D /* ImageEditViewController.m */ = {isa = PBXFileReference; fileEncoding = 4; lastKnownFileType = sourcecode.c.objc; path = ImageEditViewController.m; sourceTree = "<group>"; };
		A14C939E189530C5008F6A0D /* LinkImageViewController.h */ = {isa = PBXFileReference; fileEncoding = 4; lastKnownFileType = sourcecode.c.h; path = LinkImageViewController.h; sourceTree = "<group>"; };
		A14C939F189530C5008F6A0D /* LinkImageViewController.m */ = {isa = PBXFileReference; fileEncoding = 4; lastKnownFileType = sourcecode.c.objc; path = LinkImageViewController.m; sourceTree = "<group>"; };
		A14C93A0189530C5008F6A0D /* MainViewController.h */ = {isa = PBXFileReference; fileEncoding = 4; lastKnownFileType = sourcecode.c.h; path = MainViewController.h; sourceTree = "<group>"; };
		A14C93A1189530C5008F6A0D /* MainViewController.m */ = {isa = PBXFileReference; fileEncoding = 4; lastKnownFileType = sourcecode.c.objc; path = MainViewController.m; sourceTree = "<group>"; };
		A14C93A2189530C5008F6A0D /* PlaybackViewController.h */ = {isa = PBXFileReference; fileEncoding = 4; lastKnownFileType = sourcecode.c.h; path = PlaybackViewController.h; sourceTree = "<group>"; };
		A14C93A3189530C5008F6A0D /* PlaybackViewController.m */ = {isa = PBXFileReference; fileEncoding = 4; lastKnownFileType = sourcecode.c.objc; path = PlaybackViewController.m; sourceTree = "<group>"; };
		A14C93A4189530C5008F6A0D /* ProjectViewController.h */ = {isa = PBXFileReference; fileEncoding = 4; lastKnownFileType = sourcecode.c.h; path = ProjectViewController.h; sourceTree = "<group>"; };
		A14C93A5189530C5008F6A0D /* ProjectViewController.m */ = {isa = PBXFileReference; fileEncoding = 4; lastKnownFileType = sourcecode.c.objc; path = ProjectViewController.m; sourceTree = "<group>"; };
		A14C93FC1899A50D008F6A0D /* libz.dylib */ = {isa = PBXFileReference; lastKnownFileType = "compiled.mach-o.dylib"; name = libz.dylib; path = usr/lib/libz.dylib; sourceTree = SDKROOT; };
		A14C93FE1899A56D008F6A0D /* ProjectSelectTableViewCell.h */ = {isa = PBXFileReference; fileEncoding = 4; lastKnownFileType = sourcecode.c.h; path = ProjectSelectTableViewCell.h; sourceTree = "<group>"; };
		A14C93FF1899A56D008F6A0D /* ProjectSelectTableViewCell.m */ = {isa = PBXFileReference; fileEncoding = 4; lastKnownFileType = sourcecode.c.objc; path = ProjectSelectTableViewCell.m; sourceTree = "<group>"; };
		A14C9401189BB254008F6A0D /* UIImageView+ContentScale.h */ = {isa = PBXFileReference; fileEncoding = 4; lastKnownFileType = sourcecode.c.h; path = "UIImageView+ContentScale.h"; sourceTree = "<group>"; };
		A14C9402189BB254008F6A0D /* UIImageView+ContentScale.m */ = {isa = PBXFileReference; fileEncoding = 4; lastKnownFileType = sourcecode.c.objc; path = "UIImageView+ContentScale.m"; sourceTree = "<group>"; };
		A1758CFC1885DDA600490A06 /* Shape.h */ = {isa = PBXFileReference; fileEncoding = 4; lastKnownFileType = sourcecode.c.h; path = Shape.h; sourceTree = "<group>"; };
		A1758CFD1885DDA600490A06 /* Shape.m */ = {isa = PBXFileReference; fileEncoding = 4; lastKnownFileType = sourcecode.c.objc; path = Shape.m; sourceTree = "<group>"; };
		A1758D021885F13300490A06 /* Settings.bundle */ = {isa = PBXFileReference; lastKnownFileType = "wrapper.plug-in"; path = Settings.bundle; sourceTree = SOURCE_ROOT; };
		A1CC97C618A83AE200816C03 /* demo.zip */ = {isa = PBXFileReference; lastKnownFileType = archive.zip; path = demo.zip; sourceTree = "<group>"; };
		A1CC97CD18A9875900816C03 /* AlbumSelectViewController.h */ = {isa = PBXFileReference; fileEncoding = 4; lastKnownFileType = sourcecode.c.h; path = AlbumSelectViewController.h; sourceTree = "<group>"; };
		A1CC97CE18A9875900816C03 /* AlbumSelectViewController.m */ = {isa = PBXFileReference; fileEncoding = 4; lastKnownFileType = sourcecode.c.objc; path = AlbumSelectViewController.m; sourceTree = "<group>"; };
		A1CC97CF18A9875900816C03 /* AlbumContentsViewController.h */ = {isa = PBXFileReference; fileEncoding = 4; lastKnownFileType = sourcecode.c.h; path = AlbumContentsViewController.h; sourceTree = "<group>"; };
		A1CC97D018A9875900816C03 /* AlbumContentsViewController.m */ = {isa = PBXFileReference; fileEncoding = 4; lastKnownFileType = sourcecode.c.objc; path = AlbumContentsViewController.m; sourceTree = "<group>"; };
		A1D2B2E41880A47E00E250BF /* ImageDetails.h */ = {isa = PBXFileReference; fileEncoding = 4; lastKnownFileType = sourcecode.c.h; path = ImageDetails.h; sourceTree = "<group>"; };
		A1D2B2E51880A47E00E250BF /* ImageDetails.m */ = {isa = PBXFileReference; fileEncoding = 4; lastKnownFileType = sourcecode.c.objc; path = ImageDetails.m; sourceTree = "<group>"; };
		A1D2B2E61880A47E00E250BF /* Project.h */ = {isa = PBXFileReference; fileEncoding = 4; lastKnownFileType = sourcecode.c.h; path = Project.h; sourceTree = "<group>"; };
		A1D2B2E71880A47E00E250BF /* Project.m */ = {isa = PBXFileReference; fileEncoding = 4; lastKnownFileType = sourcecode.c.objc; path = Project.m; sourceTree = "<group>"; };
		A1D2B2ED1880A4A500E250BF /* HotspotView.h */ = {isa = PBXFileReference; fileEncoding = 4; lastKnownFileType = sourcecode.c.h; path = HotspotView.h; sourceTree = "<group>"; };
		A1D2B2EE1880A4A500E250BF /* HotspotView.m */ = {isa = PBXFileReference; fileEncoding = 4; lastKnownFileType = sourcecode.c.objc; path = HotspotView.m; sourceTree = "<group>"; };
		A1D2B2F01880A4FA00E250BF /* ImageLink.h */ = {isa = PBXFileReference; fileEncoding = 4; lastKnownFileType = sourcecode.c.h; path = ImageLink.h; sourceTree = "<group>"; };
		A1D2B2F11880A4FA00E250BF /* ImageLink.m */ = {isa = PBXFileReference; fileEncoding = 4; lastKnownFileType = sourcecode.c.objc; path = ImageLink.m; sourceTree = "<group>"; };
		A1D2B2F31881777B00E250BF /* ImageEditView.h */ = {isa = PBXFileReference; fileEncoding = 4; lastKnownFileType = sourcecode.c.h; path = ImageEditView.h; sourceTree = "<group>"; };
		A1D2B2F41881777B00E250BF /* ImageEditView.m */ = {isa = PBXFileReference; fileEncoding = 4; lastKnownFileType = sourcecode.c.objc; path = ImageEditView.m; sourceTree = "<group>"; };
		A1D2B3081883F11900E250BF /* DrawView.h */ = {isa = PBXFileReference; fileEncoding = 4; lastKnownFileType = sourcecode.c.h; path = DrawView.h; sourceTree = "<group>"; };
		A1D2B3091883F11900E250BF /* DrawView.m */ = {isa = PBXFileReference; fileEncoding = 4; lastKnownFileType = sourcecode.c.objc; path = DrawView.m; sourceTree = "<group>"; };
		A1D7585D187FDEFD00E7AA2F /* MyPrototyper.app */ = {isa = PBXFileReference; explicitFileType = wrapper.application; includeInIndex = 0; path = MyPrototyper.app; sourceTree = BUILT_PRODUCTS_DIR; };
		A1D75860187FDEFD00E7AA2F /* Foundation.framework */ = {isa = PBXFileReference; lastKnownFileType = wrapper.framework; name = Foundation.framework; path = System/Library/Frameworks/Foundation.framework; sourceTree = SDKROOT; };
		A1D75862187FDEFD00E7AA2F /* CoreGraphics.framework */ = {isa = PBXFileReference; lastKnownFileType = wrapper.framework; name = CoreGraphics.framework; path = System/Library/Frameworks/CoreGraphics.framework; sourceTree = SDKROOT; };
		A1D75864187FDEFD00E7AA2F /* UIKit.framework */ = {isa = PBXFileReference; lastKnownFileType = wrapper.framework; name = UIKit.framework; path = System/Library/Frameworks/UIKit.framework; sourceTree = SDKROOT; };
		A1D75868187FDEFD00E7AA2F /* MyPrototyper-Info.plist */ = {isa = PBXFileReference; lastKnownFileType = text.plist.xml; path = "MyPrototyper-Info.plist"; sourceTree = "<group>"; };
		A1D7586A187FDEFD00E7AA2F /* en */ = {isa = PBXFileReference; lastKnownFileType = text.plist.strings; name = en; path = en.lproj/InfoPlist.strings; sourceTree = "<group>"; };
		A1D7586C187FDEFD00E7AA2F /* main.m */ = {isa = PBXFileReference; lastKnownFileType = sourcecode.c.objc; path = main.m; sourceTree = "<group>"; };
		A1D7586E187FDEFD00E7AA2F /* MyPrototyper-Prefix.pch */ = {isa = PBXFileReference; lastKnownFileType = sourcecode.c.h; path = "MyPrototyper-Prefix.pch"; sourceTree = "<group>"; };
		A1D7586F187FDEFD00E7AA2F /* AppDelegate.h */ = {isa = PBXFileReference; lastKnownFileType = sourcecode.c.h; path = AppDelegate.h; sourceTree = "<group>"; };
		A1D75870187FDEFD00E7AA2F /* AppDelegate.m */ = {isa = PBXFileReference; lastKnownFileType = sourcecode.c.objc; path = AppDelegate.m; sourceTree = "<group>"; };
		A1D75873187FDEFD00E7AA2F /* Base */ = {isa = PBXFileReference; lastKnownFileType = file.storyboard; name = Base; path = Base.lproj/Main_iPhone.storyboard; sourceTree = "<group>"; };
		A1D75876187FDEFD00E7AA2F /* Base */ = {isa = PBXFileReference; lastKnownFileType = file.storyboard; name = Base; path = Base.lproj/Main_iPad.storyboard; sourceTree = "<group>"; };
		A1D7587B187FDEFD00E7AA2F /* Images.xcassets */ = {isa = PBXFileReference; lastKnownFileType = folder.assetcatalog; path = Images.xcassets; sourceTree = "<group>"; };
		A1D75881187FDEFD00E7AA2F /* MyPrototyperTests.xctest */ = {isa = PBXFileReference; explicitFileType = wrapper.cfbundle; includeInIndex = 0; path = MyPrototyperTests.xctest; sourceTree = BUILT_PRODUCTS_DIR; };
		A1D75882187FDEFD00E7AA2F /* XCTest.framework */ = {isa = PBXFileReference; lastKnownFileType = wrapper.framework; name = XCTest.framework; path = Library/Frameworks/XCTest.framework; sourceTree = DEVELOPER_DIR; };
		A1D7588A187FDEFD00E7AA2F /* MyPrototyperTests-Info.plist */ = {isa = PBXFileReference; lastKnownFileType = text.plist.xml; path = "MyPrototyperTests-Info.plist"; sourceTree = "<group>"; };
		A1D7588C187FDEFD00E7AA2F /* en */ = {isa = PBXFileReference; lastKnownFileType = text.plist.strings; name = en; path = en.lproj/InfoPlist.strings; sourceTree = "<group>"; };
		A1D7588E187FDEFD00E7AA2F /* PrototyperTests.m */ = {isa = PBXFileReference; lastKnownFileType = sourcecode.c.objc; path = PrototyperTests.m; sourceTree = "<group>"; };
		A1F1437D18849DFD006829F2 /* Constants.h */ = {isa = PBXFileReference; fileEncoding = 4; lastKnownFileType = sourcecode.c.h; path = Constants.h; sourceTree = "<group>"; };
/* End PBXFileReference section */

/* Begin PBXFrameworksBuildPhase section */
		A1D7585A187FDEFD00E7AA2F /* Frameworks */ = {
			isa = PBXFrameworksBuildPhase;
			buildActionMask = 2147483647;
			files = (
				A14C93FD1899A50D008F6A0D /* libz.dylib in Frameworks */,
				A1D75863187FDEFD00E7AA2F /* CoreGraphics.framework in Frameworks */,
				A1D75865187FDEFD00E7AA2F /* UIKit.framework in Frameworks */,
				A1D75861187FDEFD00E7AA2F /* Foundation.framework in Frameworks */,
				E2108AE58D7B48D7B2ED9DA6 /* libPods.a in Frameworks */,
			);
			runOnlyForDeploymentPostprocessing = 0;
		};
		A1D7587E187FDEFD00E7AA2F /* Frameworks */ = {
			isa = PBXFrameworksBuildPhase;
			buildActionMask = 2147483647;
			files = (
				A1D75883187FDEFD00E7AA2F /* XCTest.framework in Frameworks */,
				A1D75885187FDEFD00E7AA2F /* UIKit.framework in Frameworks */,
				A1D75884187FDEFD00E7AA2F /* Foundation.framework in Frameworks */,
			);
			runOnlyForDeploymentPostprocessing = 0;
		};
/* End PBXFrameworksBuildPhase section */

/* Begin PBXGroup section */
		A14C938E189530C5008F6A0D /* cells */ = {
			isa = PBXGroup;
			children = (
				A14C938F189530C5008F6A0D /* PhotoCell.h */,
				A14C9390189530C5008F6A0D /* PhotoCell.m */,
				A14C93FE1899A56D008F6A0D /* ProjectSelectTableViewCell.h */,
				A14C93FF1899A56D008F6A0D /* ProjectSelectTableViewCell.m */,
			);
			path = cells;
			sourceTree = "<group>";
		};
		A14C9394189530C5008F6A0D /* utils */ = {
			isa = PBXGroup;
			children = (
				A14C9395189530C5008F6A0D /* UIBezierPath+TextPaths.h */,
				A14C9396189530C5008F6A0D /* UIBezierPath+TextPaths.m */,
				A14C9397189530C5008F6A0D /* UIColor+Utils.h */,
				A14C9398189530C5008F6A0D /* UIColor+Utils.m */,
				A14C9401189BB254008F6A0D /* UIImageView+ContentScale.h */,
				A14C9402189BB254008F6A0D /* UIImageView+ContentScale.m */,
			);
			path = utils;
			sourceTree = "<group>";
		};
		A14C9399189530C5008F6A0D /* viewcontrollers */ = {
			isa = PBXGroup;
			children = (
				A14C93A0189530C5008F6A0D /* MainViewController.h */,
				A14C93A1189530C5008F6A0D /* MainViewController.m */,
				A14C93A4189530C5008F6A0D /* ProjectViewController.h */,
				A14C93A5189530C5008F6A0D /* ProjectViewController.m */,
				A14C939C189530C5008F6A0D /* ImageEditViewController.h */,
				A14C939D189530C5008F6A0D /* ImageEditViewController.m */,
				A14C939A189530C5008F6A0D /* DrawViewController.h */,
				A14C939B189530C5008F6A0D /* DrawViewController.m */,
				A14C939E189530C5008F6A0D /* LinkImageViewController.h */,
				A14C939F189530C5008F6A0D /* LinkImageViewController.m */,
				A14C93A2189530C5008F6A0D /* PlaybackViewController.h */,
				A14C93A3189530C5008F6A0D /* PlaybackViewController.m */,
			);
			path = viewcontrollers;
			sourceTree = "<group>";
		};
		A1CC97CC18A9874900816C03 /* PhotoLibrarySelecter */ = {
			isa = PBXGroup;
			children = (
				A1CC97CD18A9875900816C03 /* AlbumSelectViewController.h */,
				A1CC97CE18A9875900816C03 /* AlbumSelectViewController.m */,
				A1CC97CF18A9875900816C03 /* AlbumContentsViewController.h */,
				A1CC97D018A9875900816C03 /* AlbumContentsViewController.m */,
			);
			path = PhotoLibrarySelecter;
			sourceTree = "<group>";
		};
		A1D2B2E21880A45000E250BF /* model */ = {
			isa = PBXGroup;
			children = (
				A1758CFC1885DDA600490A06 /* Shape.h */,
				A1758CFD1885DDA600490A06 /* Shape.m */,
				A1D2B2E41880A47E00E250BF /* ImageDetails.h */,
				A1D2B2E51880A47E00E250BF /* ImageDetails.m */,
				A1D2B2F01880A4FA00E250BF /* ImageLink.h */,
				A1D2B2F11880A4FA00E250BF /* ImageLink.m */,
				A1D2B2E61880A47E00E250BF /* Project.h */,
				A1D2B2E71880A47E00E250BF /* Project.m */,
			);
			path = model;
			sourceTree = "<group>";
		};
		A1D2B2E31880A45000E250BF /* views */ = {
			isa = PBXGroup;
			children = (
				A1D2B2ED1880A4A500E250BF /* HotspotView.h */,
				A1D2B2EE1880A4A500E250BF /* HotspotView.m */,
				A1D2B2F31881777B00E250BF /* ImageEditView.h */,
				A1D2B2F41881777B00E250BF /* ImageEditView.m */,
				A1D2B3081883F11900E250BF /* DrawView.h */,
				A1D2B3091883F11900E250BF /* DrawView.m */,
			);
			path = views;
			sourceTree = "<group>";
		};
		A1D75854187FDEFD00E7AA2F = {
			isa = PBXGroup;
			children = (
				A1D75866187FDEFD00E7AA2F /* MyPrototyper */,
				A1D75888187FDEFD00E7AA2F /* MyPrototyperTests */,
				A1D7585F187FDEFD00E7AA2F /* Frameworks */,
				A1D7585E187FDEFD00E7AA2F /* Products */,
				3EA35D255AE14975805FAC1C /* Pods.xcconfig */,
			);
			sourceTree = "<group>";
		};
		A1D7585E187FDEFD00E7AA2F /* Products */ = {
			isa = PBXGroup;
			children = (
				A1D7585D187FDEFD00E7AA2F /* MyPrototyper.app */,
				A1D75881187FDEFD00E7AA2F /* MyPrototyperTests.xctest */,
			);
			name = Products;
			sourceTree = "<group>";
		};
		A1D7585F187FDEFD00E7AA2F /* Frameworks */ = {
			isa = PBXGroup;
			children = (
				A14C93FC1899A50D008F6A0D /* libz.dylib */,
				A1D75860187FDEFD00E7AA2F /* Foundation.framework */,
				A1D75862187FDEFD00E7AA2F /* CoreGraphics.framework */,
				A1D75864187FDEFD00E7AA2F /* UIKit.framework */,
				A1D75882187FDEFD00E7AA2F /* XCTest.framework */,
				13913ABBD076487092923C91 /* libPods.a */,
			);
			name = Frameworks;
			sourceTree = "<group>";
		};
		A1D75866187FDEFD00E7AA2F /* MyPrototyper */ = {
			isa = PBXGroup;
			children = (
				A1D2B2E21880A45000E250BF /* model */,
				A14C938E189530C5008F6A0D /* cells */,
				A14C9394189530C5008F6A0D /* utils */,
				A1D2B2E31880A45000E250BF /* views */,
				A1CC97CC18A9874900816C03 /* PhotoLibrarySelecter */,
				A14C9399189530C5008F6A0D /* viewcontrollers */,
				A1D7586F187FDEFD00E7AA2F /* AppDelegate.h */,
				A1D75870187FDEFD00E7AA2F /* AppDelegate.m */,
				A1F1437D18849DFD006829F2 /* Constants.h */,
				A1D75872187FDEFD00E7AA2F /* Main_iPhone.storyboard */,
				A1D75875187FDEFD00E7AA2F /* Main_iPad.storyboard */,
				A1D7587B187FDEFD00E7AA2F /* Images.xcassets */,
				A1D75867187FDEFD00E7AA2F /* Supporting Files */,
			);
			path = MyPrototyper;
			sourceTree = "<group>";
		};
		A1D75867187FDEFD00E7AA2F /* Supporting Files */ = {
			isa = PBXGroup;
			children = (
				A1CC97C618A83AE200816C03 /* demo.zip */,
				A1758D021885F13300490A06 /* Settings.bundle */,
				A1D75868187FDEFD00E7AA2F /* MyPrototyper-Info.plist */,
				A1D75869187FDEFD00E7AA2F /* InfoPlist.strings */,
				A1D7586C187FDEFD00E7AA2F /* main.m */,
				A1D7586E187FDEFD00E7AA2F /* MyPrototyper-Prefix.pch */,
			);
			name = "Supporting Files";
			sourceTree = "<group>";
		};
		A1D75888187FDEFD00E7AA2F /* MyPrototyperTests */ = {
			isa = PBXGroup;
			children = (
				A1D7588E187FDEFD00E7AA2F /* PrototyperTests.m */,
				A1D75889187FDEFD00E7AA2F /* Supporting Files */,
			);
			path = MyPrototyperTests;
			sourceTree = "<group>";
		};
		A1D75889187FDEFD00E7AA2F /* Supporting Files */ = {
			isa = PBXGroup;
			children = (
				A1D7588A187FDEFD00E7AA2F /* MyPrototyperTests-Info.plist */,
				A1D7588B187FDEFD00E7AA2F /* InfoPlist.strings */,
			);
			name = "Supporting Files";
			sourceTree = "<group>";
		};
/* End PBXGroup section */

/* Begin PBXNativeTarget section */
		A1D7585C187FDEFD00E7AA2F /* MyPrototyper */ = {
			isa = PBXNativeTarget;
			buildConfigurationList = A1D75892187FDEFD00E7AA2F /* Build configuration list for PBXNativeTarget "MyPrototyper" */;
			buildPhases = (
				544F4E137EF84547BE795168 /* Check Pods Manifest.lock */,
				A1758D041885F1BE00490A06 /* Run Script */,
				A1D75859187FDEFD00E7AA2F /* Sources */,
				A1D7585A187FDEFD00E7AA2F /* Frameworks */,
				A1D7585B187FDEFD00E7AA2F /* Resources */,
				837B1AEFC7D64735ABA83701 /* Copy Pods Resources */,
			);
			buildRules = (
			);
			dependencies = (
			);
			name = MyPrototyper;
			productName = Prototyper;
			productReference = A1D7585D187FDEFD00E7AA2F /* MyPrototyper.app */;
			productType = "com.apple.product-type.application";
		};
		A1D75880187FDEFD00E7AA2F /* MyPrototyperTests */ = {
			isa = PBXNativeTarget;
			buildConfigurationList = A1D75895187FDEFD00E7AA2F /* Build configuration list for PBXNativeTarget "MyPrototyperTests" */;
			buildPhases = (
				A1D7587D187FDEFD00E7AA2F /* Sources */,
				A1D7587E187FDEFD00E7AA2F /* Frameworks */,
				A1D7587F187FDEFD00E7AA2F /* Resources */,
			);
			buildRules = (
			);
			dependencies = (
				A1D75887187FDEFD00E7AA2F /* PBXTargetDependency */,
			);
			name = MyPrototyperTests;
			productName = PrototyperTests;
			productReference = A1D75881187FDEFD00E7AA2F /* MyPrototyperTests.xctest */;
			productType = "com.apple.product-type.bundle.unit-test";
		};
/* End PBXNativeTarget section */

/* Begin PBXProject section */
		A1D75855187FDEFD00E7AA2F /* Project object */ = {
			isa = PBXProject;
			attributes = {
				LastUpgradeCheck = 0510;
				ORGANIZATIONNAME = "Andy Qua";
				TargetAttributes = {
					A1D75880187FDEFD00E7AA2F = {
						TestTargetID = A1D7585C187FDEFD00E7AA2F;
					};
				};
			};
			buildConfigurationList = A1D75858187FDEFD00E7AA2F /* Build configuration list for PBXProject "MyPrototyper" */;
			compatibilityVersion = "Xcode 3.2";
			developmentRegion = English;
			hasScannedForEncodings = 0;
			knownRegions = (
				en,
				Base,
			);
			mainGroup = A1D75854187FDEFD00E7AA2F;
			productRefGroup = A1D7585E187FDEFD00E7AA2F /* Products */;
			projectDirPath = "";
			projectRoot = "";
			targets = (
				A1D7585C187FDEFD00E7AA2F /* MyPrototyper */,
				A1D75880187FDEFD00E7AA2F /* MyPrototyperTests */,
			);
		};
/* End PBXProject section */

/* Begin PBXResourcesBuildPhase section */
		A1D7585B187FDEFD00E7AA2F /* Resources */ = {
			isa = PBXResourcesBuildPhase;
			buildActionMask = 2147483647;
			files = (
				A1D75877187FDEFD00E7AA2F /* Main_iPad.storyboard in Resources */,
				A1D7587C187FDEFD00E7AA2F /* Images.xcassets in Resources */,
				A1CC97C718A83AE200816C03 /* demo.zip in Resources */,
				A1758D031885F13300490A06 /* Settings.bundle in Resources */,
				A1D75874187FDEFD00E7AA2F /* Main_iPhone.storyboard in Resources */,
				A1D7586B187FDEFD00E7AA2F /* InfoPlist.strings in Resources */,
			);
			runOnlyForDeploymentPostprocessing = 0;
		};
		A1D7587F187FDEFD00E7AA2F /* Resources */ = {
			isa = PBXResourcesBuildPhase;
			buildActionMask = 2147483647;
			files = (
				A1D7588D187FDEFD00E7AA2F /* InfoPlist.strings in Resources */,
			);
			runOnlyForDeploymentPostprocessing = 0;
		};
/* End PBXResourcesBuildPhase section */

/* Begin PBXShellScriptBuildPhase section */
		544F4E137EF84547BE795168 /* Check Pods Manifest.lock */ = {
			isa = PBXShellScriptBuildPhase;
			buildActionMask = 2147483647;
			files = (
			);
			inputPaths = (
			);
			name = "Check Pods Manifest.lock";
			outputPaths = (
			);
			runOnlyForDeploymentPostprocessing = 0;
			shellPath = /bin/sh;
			shellScript = "diff \"${PODS_ROOT}/../Podfile.lock\" \"${PODS_ROOT}/Manifest.lock\" > /dev/null\nif [[ $? != 0 ]] ; then\n    cat << EOM\nerror: The sandbox is not in sync with the Podfile.lock. Run 'pod install' or update your CocoaPods installation.\nEOM\n    exit 1\nfi\n";
			showEnvVarsInLog = 0;
		};
		837B1AEFC7D64735ABA83701 /* Copy Pods Resources */ = {
			isa = PBXShellScriptBuildPhase;
			buildActionMask = 2147483647;
			files = (
			);
			inputPaths = (
			);
			name = "Copy Pods Resources";
			outputPaths = (
			);
			runOnlyForDeploymentPostprocessing = 0;
			shellPath = /bin/sh;
			shellScript = "\"${SRCROOT}/Pods/Pods-resources.sh\"\n";
			showEnvVarsInLog = 0;
		};
		A1758D041885F1BE00490A06 /* Run Script */ = {
			isa = PBXShellScriptBuildPhase;
			buildActionMask = 2147483647;
			files = (
			);
			inputPaths = (
			);
			name = "Run Script";
			outputPaths = (
			);
			runOnlyForDeploymentPostprocessing = 0;
			shellPath = /bin/sh;
			shellScript = "plist=\"$SRCROOT/MyPrototyper/MyPrototyper-Info.plist\"\necho $plist\nversion=`/usr/libexec/PlistBuddy -c \"Print CFBundleShortVersionString\" \"$plist\"`\nbuild=`git rev-list --count HEAD`\n\n#update build number\necho \"OldBuild - $build\"\nbuild=$((${build} + 1))\necho \"NewBuild - $build\"\n/usr/libexec/PlistBuddy -c \"Set :CFBundleVersion $build\" \"$plist\"\n\nstringsFile=\"$SRCROOT/Settings.bundle/en.lproj/Root.strings\"\necho \"\\\"author\\\" = \\\"MyPrototyper Version ${version} (${build})\" > $stringsFile\necho \"Written by Andy Qua\\\";\" >> $stringsFile\ntouch \"$SRCROOT/Settings.bundle\"\n";
			showEnvVarsInLog = 0;
		};
/* End PBXShellScriptBuildPhase section */

/* Begin PBXSourcesBuildPhase section */
		A1D75859187FDEFD00E7AA2F /* Sources */ = {
			isa = PBXSourcesBuildPhase;
			buildActionMask = 2147483647;
			files = (
				A14C93AE189530C5008F6A0D /* PlaybackViewController.m in Sources */,
				A14C93A9189530C5008F6A0D /* UIColor+Utils.m in Sources */,
				A14C93A8189530C5008F6A0D /* UIBezierPath+TextPaths.m in Sources */,
				A14C93A6189530C5008F6A0D /* PhotoCell.m in Sources */,
				A1D2B2E91880A47E00E250BF /* Project.m in Sources */,
				A1758CFE1885DDA600490A06 /* Shape.m in Sources */,
				A14C93AB189530C5008F6A0D /* ImageEditViewController.m in Sources */,
				A14C93AA189530C5008F6A0D /* DrawViewController.m in Sources */,
				A1D2B2EF1880A4A500E250BF /* HotspotView.m in Sources */,
				A14C93AF189530C5008F6A0D /* ProjectViewController.m in Sources */,
				A1D2B2F21880A4FA00E250BF /* ImageLink.m in Sources */,
				A1D2B2F51881777B00E250BF /* ImageEditView.m in Sources */,
				A1CC97D118A9875900816C03 /* AlbumSelectViewController.m in Sources */,
				A14C93AD189530C5008F6A0D /* MainViewController.m in Sources */,
				A1CC97D218A9875900816C03 /* AlbumContentsViewController.m in Sources */,
				A1D2B2E81880A47E00E250BF /* ImageDetails.m in Sources */,
				A1D75871187FDEFD00E7AA2F /* AppDelegate.m in Sources */,
				A14C93AC189530C5008F6A0D /* LinkImageViewController.m in Sources */,
				A1D2B30A1883F11900E250BF /* DrawView.m in Sources */,
				A14C94001899A56D008F6A0D /* ProjectSelectTableViewCell.m in Sources */,
				A1D7586D187FDEFD00E7AA2F /* main.m in Sources */,
				A14C9403189BB254008F6A0D /* UIImageView+ContentScale.m in Sources */,
			);
			runOnlyForDeploymentPostprocessing = 0;
		};
		A1D7587D187FDEFD00E7AA2F /* Sources */ = {
			isa = PBXSourcesBuildPhase;
			buildActionMask = 2147483647;
			files = (
				A1D7588F187FDEFD00E7AA2F /* PrototyperTests.m in Sources */,
			);
			runOnlyForDeploymentPostprocessing = 0;
		};
/* End PBXSourcesBuildPhase section */

/* Begin PBXTargetDependency section */
		A1D75887187FDEFD00E7AA2F /* PBXTargetDependency */ = {
			isa = PBXTargetDependency;
			target = A1D7585C187FDEFD00E7AA2F /* MyPrototyper */;
			targetProxy = A1D75886187FDEFD00E7AA2F /* PBXContainerItemProxy */;
		};
/* End PBXTargetDependency section */

/* Begin PBXVariantGroup section */
		A1D75869187FDEFD00E7AA2F /* InfoPlist.strings */ = {
			isa = PBXVariantGroup;
			children = (
				A1D7586A187FDEFD00E7AA2F /* en */,
			);
			name = InfoPlist.strings;
			sourceTree = "<group>";
		};
		A1D75872187FDEFD00E7AA2F /* Main_iPhone.storyboard */ = {
			isa = PBXVariantGroup;
			children = (
				A1D75873187FDEFD00E7AA2F /* Base */,
			);
			name = Main_iPhone.storyboard;
			sourceTree = "<group>";
		};
		A1D75875187FDEFD00E7AA2F /* Main_iPad.storyboard */ = {
			isa = PBXVariantGroup;
			children = (
				A1D75876187FDEFD00E7AA2F /* Base */,
			);
			name = Main_iPad.storyboard;
			sourceTree = "<group>";
		};
		A1D7588B187FDEFD00E7AA2F /* InfoPlist.strings */ = {
			isa = PBXVariantGroup;
			children = (
				A1D7588C187FDEFD00E7AA2F /* en */,
			);
			name = InfoPlist.strings;
			sourceTree = "<group>";
		};
/* End PBXVariantGroup section */

/* Begin XCBuildConfiguration section */
		A1D2B2FF18831E6500E250BF /* AdHoc */ = {
			isa = XCBuildConfiguration;
			buildSettings = {
				ALWAYS_SEARCH_USER_PATHS = NO;
				CLANG_CXX_LANGUAGE_STANDARD = "gnu++0x";
				CLANG_CXX_LIBRARY = "libc++";
				CLANG_ENABLE_MODULES = YES;
				CLANG_ENABLE_OBJC_ARC = YES;
				CLANG_WARN_BOOL_CONVERSION = YES;
				CLANG_WARN_CONSTANT_CONVERSION = YES;
				CLANG_WARN_DIRECT_OBJC_ISA_USAGE = YES_ERROR;
				CLANG_WARN_EMPTY_BODY = YES;
				CLANG_WARN_ENUM_CONVERSION = YES;
				CLANG_WARN_INT_CONVERSION = YES;
				CLANG_WARN_OBJC_ROOT_CLASS = YES_ERROR;
				CLANG_WARN__DUPLICATE_METHOD_MATCH = YES;
				"CODE_SIGN_IDENTITY[sdk=iphoneos*]" = "iPhone Distribution: Andy Qua (A4ZM73UFF5)";
				COPY_PHASE_STRIP = YES;
				ENABLE_NS_ASSERTIONS = NO;
				GCC_C_LANGUAGE_STANDARD = gnu99;
				GCC_WARN_64_TO_32_BIT_CONVERSION = YES;
				GCC_WARN_ABOUT_RETURN_TYPE = YES_ERROR;
				GCC_WARN_UNDECLARED_SELECTOR = YES;
				GCC_WARN_UNINITIALIZED_AUTOS = YES_AGGRESSIVE;
				GCC_WARN_UNUSED_FUNCTION = YES;
				GCC_WARN_UNUSED_VARIABLE = YES;
				IPHONEOS_DEPLOYMENT_TARGET = 7.1;
				PROVISIONING_PROFILE = "EA9CF902-45F9-4A78-A34D-3E9B8D5B493F";
				SDKROOT = iphoneos;
				TARGETED_DEVICE_FAMILY = "1,2";
				VALIDATE_PRODUCT = YES;
			};
			name = AdHoc;
		};
		A1D2B30018831E6500E250BF /* AdHoc */ = {
			isa = XCBuildConfiguration;
			baseConfigurationReference = 3EA35D255AE14975805FAC1C /* Pods.xcconfig */;
			buildSettings = {
				ASSETCATALOG_COMPILER_APPICON_NAME = AppIcon;
				ASSETCATALOG_COMPILER_LAUNCHIMAGE_NAME = LaunchImage;
				GCC_PRECOMPILE_PREFIX_HEADER = YES;
				GCC_PREFIX_HEADER = "MyPrototyper/MyPrototyper-Prefix.pch";
				INFOPLIST_FILE = "MyPrototyper/MyPrototyper-Info.plist";
				IPHONEOS_DEPLOYMENT_TARGET = 7.0;
				PRODUCT_NAME = MyPrototyper;
				WRAPPER_EXTENSION = app;
			};
			name = AdHoc;
		};
		A1D2B30118831E6500E250BF /* AdHoc */ = {
			isa = XCBuildConfiguration;
			buildSettings = {
				BUNDLE_LOADER = "$(BUILT_PRODUCTS_DIR)/Prototyper.app/Prototyper";
				FRAMEWORK_SEARCH_PATHS = (
					"$(SDKROOT)/Developer/Library/Frameworks",
					"$(inherited)",
					"$(DEVELOPER_FRAMEWORKS_DIR)",
				);
				GCC_PRECOMPILE_PREFIX_HEADER = YES;
				GCC_PREFIX_HEADER = "Prototyper/Prototyper-Prefix.pch";
				INFOPLIST_FILE = "PrototyperTests/MyPrototyperTests-Info.plist";
				PRODUCT_NAME = MyPrototyperTests;
				TEST_HOST = "$(BUNDLE_LOADER)";
				WRAPPER_EXTENSION = xctest;
			};
			name = AdHoc;
		};
		A1D75890187FDEFD00E7AA2F /* Debug */ = {
			isa = XCBuildConfiguration;
			buildSettings = {
				ALWAYS_SEARCH_USER_PATHS = NO;
				CLANG_CXX_LANGUAGE_STANDARD = "gnu++0x";
				CLANG_CXX_LIBRARY = "libc++";
				CLANG_ENABLE_MODULES = YES;
				CLANG_ENABLE_OBJC_ARC = YES;
				CLANG_WARN_BOOL_CONVERSION = YES;
				CLANG_WARN_CONSTANT_CONVERSION = YES;
				CLANG_WARN_DIRECT_OBJC_ISA_USAGE = YES_ERROR;
				CLANG_WARN_EMPTY_BODY = YES;
				CLANG_WARN_ENUM_CONVERSION = YES;
				CLANG_WARN_INT_CONVERSION = YES;
				CLANG_WARN_OBJC_ROOT_CLASS = YES_ERROR;
				CLANG_WARN__DUPLICATE_METHOD_MATCH = YES;
				"CODE_SIGN_IDENTITY[sdk=iphoneos*]" = "iPhone Developer: Andy Qua (8Q7Y8AHM47)";
				COPY_PHASE_STRIP = NO;
				GCC_C_LANGUAGE_STANDARD = gnu99;
				GCC_DYNAMIC_NO_PIC = NO;
				GCC_OPTIMIZATION_LEVEL = 0;
				GCC_PREPROCESSOR_DEFINITIONS = (
					"DEBUG=1",
					"$(inherited)",
				);
				GCC_SYMBOLS_PRIVATE_EXTERN = NO;
				GCC_WARN_64_TO_32_BIT_CONVERSION = YES;
				GCC_WARN_ABOUT_RETURN_TYPE = YES_ERROR;
				GCC_WARN_UNDECLARED_SELECTOR = YES;
				GCC_WARN_UNINITIALIZED_AUTOS = YES_AGGRESSIVE;
				GCC_WARN_UNUSED_FUNCTION = YES;
				GCC_WARN_UNUSED_VARIABLE = YES;
				IPHONEOS_DEPLOYMENT_TARGET = 7.1;
				ONLY_ACTIVE_ARCH = YES;
				PROVISIONING_PROFILE = "17A31A7D-0538-40CD-84EF-BA905102950F";
				SDKROOT = iphoneos;
				TARGETED_DEVICE_FAMILY = "1,2";
			};
			name = Debug;
		};
		A1D75891187FDEFD00E7AA2F /* Release */ = {
			isa = XCBuildConfiguration;
			buildSettings = {
				ALWAYS_SEARCH_USER_PATHS = NO;
				CLANG_CXX_LANGUAGE_STANDARD = "gnu++0x";
				CLANG_CXX_LIBRARY = "libc++";
				CLANG_ENABLE_MODULES = YES;
				CLANG_ENABLE_OBJC_ARC = YES;
				CLANG_WARN_BOOL_CONVERSION = YES;
				CLANG_WARN_CONSTANT_CONVERSION = YES;
				CLANG_WARN_DIRECT_OBJC_ISA_USAGE = YES_ERROR;
				CLANG_WARN_EMPTY_BODY = YES;
				CLANG_WARN_ENUM_CONVERSION = YES;
				CLANG_WARN_INT_CONVERSION = YES;
				CLANG_WARN_OBJC_ROOT_CLASS = YES_ERROR;
				CLANG_WARN__DUPLICATE_METHOD_MATCH = YES;
				"CODE_SIGN_IDENTITY[sdk=iphoneos*]" = "iPhone Developer: Andy Qua (8Q7Y8AHM47)";
				COPY_PHASE_STRIP = YES;
				ENABLE_NS_ASSERTIONS = NO;
				GCC_C_LANGUAGE_STANDARD = gnu99;
				GCC_WARN_64_TO_32_BIT_CONVERSION = YES;
				GCC_WARN_ABOUT_RETURN_TYPE = YES_ERROR;
				GCC_WARN_UNDECLARED_SELECTOR = YES;
				GCC_WARN_UNINITIALIZED_AUTOS = YES_AGGRESSIVE;
				GCC_WARN_UNUSED_FUNCTION = YES;
				GCC_WARN_UNUSED_VARIABLE = YES;
				IPHONEOS_DEPLOYMENT_TARGET = 7.1;
				PROVISIONING_PROFILE = "17A31A7D-0538-40CD-84EF-BA905102950F";
				SDKROOT = iphoneos;
				TARGETED_DEVICE_FAMILY = "1,2";
				VALIDATE_PRODUCT = YES;
			};
			name = Release;
		};
		A1D75893187FDEFD00E7AA2F /* Debug */ = {
			isa = XCBuildConfiguration;
			baseConfigurationReference = 3EA35D255AE14975805FAC1C /* Pods.xcconfig */;
			buildSettings = {
				ASSETCATALOG_COMPILER_APPICON_NAME = AppIcon;
				ASSETCATALOG_COMPILER_LAUNCHIMAGE_NAME = LaunchImage;
				GCC_PRECOMPILE_PREFIX_HEADER = YES;
				GCC_PREFIX_HEADER = "MyPrototyper/MyPrototyper-Prefix.pch";
				INFOPLIST_FILE = "MyPrototyper/MyPrototyper-Info.plist";
				IPHONEOS_DEPLOYMENT_TARGET = 7.0;
				PRODUCT_NAME = MyPrototyper;
				WRAPPER_EXTENSION = app;
			};
			name = Debug;
		};
		A1D75894187FDEFD00E7AA2F /* Release */ = {
			isa = XCBuildConfiguration;
			baseConfigurationReference = 3EA35D255AE14975805FAC1C /* Pods.xcconfig */;
			buildSettings = {
				ASSETCATALOG_COMPILER_APPICON_NAME = AppIcon;
				ASSETCATALOG_COMPILER_LAUNCHIMAGE_NAME = LaunchImage;
				GCC_PRECOMPILE_PREFIX_HEADER = YES;
				GCC_PREFIX_HEADER = "MyPrototyper/MyPrototyper-Prefix.pch";
				INFOPLIST_FILE = "MyPrototyper/MyPrototyper-Info.plist";
				IPHONEOS_DEPLOYMENT_TARGET = 7.0;
				PRODUCT_NAME = MyPrototyper;
				WRAPPER_EXTENSION = app;
			};
			name = Release;
		};
		A1D75896187FDEFD00E7AA2F /* Debug */ = {
			isa = XCBuildConfiguration;
			buildSettings = {
				BUNDLE_LOADER = "$(BUILT_PRODUCTS_DIR)/Prototyper.app/Prototyper";
				FRAMEWORK_SEARCH_PATHS = (
					"$(SDKROOT)/Developer/Library/Frameworks",
					"$(inherited)",
					"$(DEVELOPER_FRAMEWORKS_DIR)",
				);
				GCC_PRECOMPILE_PREFIX_HEADER = YES;
				GCC_PREFIX_HEADER = "Prototyper/Prototyper-Prefix.pch";
				GCC_PREPROCESSOR_DEFINITIONS = (
					"DEBUG=1",
					"$(inherited)",
				);
				INFOPLIST_FILE = "PrototyperTests/MyPrototyperTests-Info.plist";
				PRODUCT_NAME = MyPrototyperTests;
				TEST_HOST = "$(BUNDLE_LOADER)";
				WRAPPER_EXTENSION = xctest;
			};
			name = Debug;
		};
		A1D75897187FDEFD00E7AA2F /* Release */ = {
			isa = XCBuildConfiguration;
			buildSettings = {
				BUNDLE_LOADER = "$(BUILT_PRODUCTS_DIR)/Prototyper.app/Prototyper";
				FRAMEWORK_SEARCH_PATHS = (
					"$(SDKROOT)/Developer/Library/Frameworks",
					"$(inherited)",
					"$(DEVELOPER_FRAMEWORKS_DIR)",
				);
				GCC_PRECOMPILE_PREFIX_HEADER = YES;
				GCC_PREFIX_HEADER = "Prototyper/Prototyper-Prefix.pch";
				INFOPLIST_FILE = "PrototyperTests/MyPrototyperTests-Info.plist";
				PRODUCT_NAME = MyPrototyperTests;
				TEST_HOST = "$(BUNDLE_LOADER)";
				WRAPPER_EXTENSION = xctest;
			};
			name = Release;
		};
/* End XCBuildConfiguration section */

/* Begin XCConfigurationList section */
		A1D75858187FDEFD00E7AA2F /* Build configuration list for PBXProject "MyPrototyper" */ = {
			isa = XCConfigurationList;
			buildConfigurations = (
				A1D75890187FDEFD00E7AA2F /* Debug */,
				A1D75891187FDEFD00E7AA2F /* Release */,
				A1D2B2FF18831E6500E250BF /* AdHoc */,
			);
			defaultConfigurationIsVisible = 0;
			defaultConfigurationName = Release;
		};
		A1D75892187FDEFD00E7AA2F /* Build configuration list for PBXNativeTarget "MyPrototyper" */ = {
			isa = XCConfigurationList;
			buildConfigurations = (
				A1D75893187FDEFD00E7AA2F /* Debug */,
				A1D75894187FDEFD00E7AA2F /* Release */,
				A1D2B30018831E6500E250BF /* AdHoc */,
			);
			defaultConfigurationIsVisible = 0;
			defaultConfigurationName = Release;
		};
		A1D75895187FDEFD00E7AA2F /* Build configuration list for PBXNativeTarget "MyPrototyperTests" */ = {
			isa = XCConfigurationList;
			buildConfigurations = (
				A1D75896187FDEFD00E7AA2F /* Debug */,
				A1D75897187FDEFD00E7AA2F /* Release */,
				A1D2B30118831E6500E250BF /* AdHoc */,
			);
			defaultConfigurationIsVisible = 0;
			defaultConfigurationName = Release;
		};
/* End XCConfigurationList section */
	};
	rootObject = A1D75855187FDEFD00E7AA2F /* Project object */;
}
